// !$*UTF8*$!
{
	archiveVersion = 1;
	classes = {
	};
	objectVersion = 46;
	objects = {

/* Begin PBXBuildFile section */
		F423DA7A1EC61B0C005AA2FC /* lz4.c in Sources */ = {isa = PBXBuildFile; fileRef = F423DA741EC61B0C005AA2FC /* lz4.c */; };
		F423DA7B1EC61B0C005AA2FC /* lz4.c in Sources */ = {isa = PBXBuildFile; fileRef = F423DA741EC61B0C005AA2FC /* lz4.c */; };
		F423DA7C1EC61B0C005AA2FC /* lz4hc.c in Sources */ = {isa = PBXBuildFile; fileRef = F423DA761EC61B0C005AA2FC /* lz4hc.c */; };
		F423DA7D1EC61B0C005AA2FC /* lz4hc.c in Sources */ = {isa = PBXBuildFile; fileRef = F423DA761EC61B0C005AA2FC /* lz4hc.c */; };
		F423DA7E1EC61B0C005AA2FC /* NSData+LZ4.m in Sources */ = {isa = PBXBuildFile; fileRef = F423DA791EC61B0C005AA2FC /* NSData+LZ4.m */; };
		F423DA7F1EC61B0C005AA2FC /* NSData+LZ4.m in Sources */ = {isa = PBXBuildFile; fileRef = F423DA791EC61B0C005AA2FC /* NSData+LZ4.m */; };
		F42730901EAFA3D400F3F7A5 /* Cocoa.framework in Frameworks */ = {isa = PBXBuildFile; fileRef = F485853E14D46E4300B007CA /* Cocoa.framework */; };
		F430C24A14DEF3DC0026CBDB /* Foundation.framework in Frameworks */ = {isa = PBXBuildFile; fileRef = F430C24914DEF3DC0026CBDB /* Foundation.framework */; };
		F47B45211EE576C200D79DFF /* trash.m in Sources */ = {isa = PBXBuildFile; fileRef = F47B45201EE576C200D79DFF /* trash.m */; };
		F47B45221EE579A300D79DFF /* CLI.m in Sources */ = {isa = PBXBuildFile; fileRef = F4C0FDAB1ECA0677004439EF /* CLI.m */; };
		F47B45231EE579A600D79DFF /* NSWorkspace+Additions.m in Sources */ = {isa = PBXBuildFile; fileRef = F4F1189B1EBF724E00E99B9A /* NSWorkspace+Additions.m */; };
		F47B45241EE579AD00D79DFF /* PathParser.m in Sources */ = {isa = PBXBuildFile; fileRef = F4F1188E1EBF69F400E99B9A /* PathParser.m */; };
		F47B5EE21EC8A60700AC2DEA /* copy in Resources */ = {isa = PBXBuildFile; fileRef = F47B5ECD1EC8A10000AC2DEA /* copy */; };
		F47B5EE31EC8A60B00AC2DEA /* snap in Resources */ = {isa = PBXBuildFile; fileRef = F430C24714DEF3DC0026CBDB /* snap */; };
		F47B5EE41EC8A79E00AC2DEA /* PathParser.m in Sources */ = {isa = PBXBuildFile; fileRef = F4F1188E1EBF69F400E99B9A /* PathParser.m */; };
		F47D65C01EC5F9E20000ABAE /* DocumentIcon.icns in Resources */ = {isa = PBXBuildFile; fileRef = F47D65BF1EC5F9E20000ABAE /* DocumentIcon.icns */; };
		F485853F14D46E4300B007CA /* Cocoa.framework in Frameworks */ = {isa = PBXBuildFile; fileRef = F485853E14D46E4300B007CA /* Cocoa.framework */; };
		F485854B14D46E4300B007CA /* main.m in Sources */ = {isa = PBXBuildFile; fileRef = F485854A14D46E4300B007CA /* main.m */; };
		F485854F14D46E4300B007CA /* Credits.rtf in Resources */ = {isa = PBXBuildFile; fileRef = F485854D14D46E4300B007CA /* Credits.rtf */; };
		F485855214D46E4300B007CA /* SnapDartAppDelegate.m in Sources */ = {isa = PBXBuildFile; fileRef = F485855114D46E4300B007CA /* SnapDartAppDelegate.m */; };
		F485855514D46E4300B007CA /* MainMenu.xib in Resources */ = {isa = PBXBuildFile; fileRef = F485855314D46E4300B007CA /* MainMenu.xib */; };
		F485855F14D46E8200B007CA /* SnapWindowController.m in Sources */ = {isa = PBXBuildFile; fileRef = F485855C14D46E8200B007CA /* SnapWindowController.m */; };
		F485857014D470A200B007CA /* Defaults.plist in Resources */ = {isa = PBXBuildFile; fileRef = F485856F14D470A200B007CA /* Defaults.plist */; };
		F485858914D4CD1600B007CA /* SnapItem.m in Sources */ = {isa = PBXBuildFile; fileRef = F485858814D4CD1600B007CA /* SnapItem.m */; };
		F4C0FD591EC8AE80004439EF /* PathParser.m in Sources */ = {isa = PBXBuildFile; fileRef = F4F1188E1EBF69F400E99B9A /* PathParser.m */; };
		F4C0FD751EC92166004439EF /* PathParser.m in Sources */ = {isa = PBXBuildFile; fileRef = F4F1188E1EBF69F400E99B9A /* PathParser.m */; };
		F4C0FD761EC92166004439EF /* PathParser.m in Sources */ = {isa = PBXBuildFile; fileRef = F4F1188E1EBF69F400E99B9A /* PathParser.m */; };
		F4C0FD771EC9CB96004439EF /* NSWorkspace+Additions.m in Sources */ = {isa = PBXBuildFile; fileRef = F4F1189B1EBF724E00E99B9A /* NSWorkspace+Additions.m */; };
		F4C0FD851EC9EA80004439EF /* PathParser.m in Sources */ = {isa = PBXBuildFile; fileRef = F4F1188E1EBF69F400E99B9A /* PathParser.m */; };
		F4C0FD861EC9EAB8004439EF /* NSWorkspace+Additions.m in Sources */ = {isa = PBXBuildFile; fileRef = F4F1189B1EBF724E00E99B9A /* NSWorkspace+Additions.m */; };
		F4C0FD9A1ECA0538004439EF /* copy.m in Sources */ = {isa = PBXBuildFile; fileRef = F4C0FD991ECA0538004439EF /* copy.m */; };
		F4C0FD9D1ECA05E8004439EF /* getinfo.m in Sources */ = {isa = PBXBuildFile; fileRef = F4C0FD9C1ECA05E8004439EF /* getinfo.m */; };
		F4C0FDA01ECA05F9004439EF /* show.m in Sources */ = {isa = PBXBuildFile; fileRef = F4C0FD9F1ECA05F9004439EF /* show.m */; };
		F4C0FDA31ECA0604004439EF /* paths.m in Sources */ = {isa = PBXBuildFile; fileRef = F4C0FDA21ECA0604004439EF /* paths.m */; };
		F4C0FDA61ECA060E004439EF /* label.m in Sources */ = {isa = PBXBuildFile; fileRef = F4C0FDA51ECA060E004439EF /* label.m */; };
		F4C0FDA91ECA064F004439EF /* snap.m in Sources */ = {isa = PBXBuildFile; fileRef = F4C0FDA81ECA064F004439EF /* snap.m */; };
		F4C0FDAC1ECA0677004439EF /* CLI.m in Sources */ = {isa = PBXBuildFile; fileRef = F4C0FDAB1ECA0677004439EF /* CLI.m */; };
		F4C0FDAD1ECA0677004439EF /* CLI.m in Sources */ = {isa = PBXBuildFile; fileRef = F4C0FDAB1ECA0677004439EF /* CLI.m */; };
		F4C0FDAE1ECA0677004439EF /* CLI.m in Sources */ = {isa = PBXBuildFile; fileRef = F4C0FDAB1ECA0677004439EF /* CLI.m */; };
		F4C0FDAF1ECA0677004439EF /* CLI.m in Sources */ = {isa = PBXBuildFile; fileRef = F4C0FDAB1ECA0677004439EF /* CLI.m */; };
		F4C0FDB01ECA0677004439EF /* CLI.m in Sources */ = {isa = PBXBuildFile; fileRef = F4C0FDAB1ECA0677004439EF /* CLI.m */; };
		F4C0FDB11ECA0677004439EF /* CLI.m in Sources */ = {isa = PBXBuildFile; fileRef = F4C0FDAB1ECA0677004439EF /* CLI.m */; };
		F4C0FDB41ECA06B4004439EF /* Common.c in Sources */ = {isa = PBXBuildFile; fileRef = F4C0FDB21ECA06B4004439EF /* Common.c */; };
		F4C0FDB51ECA06B4004439EF /* Common.c in Sources */ = {isa = PBXBuildFile; fileRef = F4C0FDB21ECA06B4004439EF /* Common.c */; };
		F4C0FDB61ECA06B4004439EF /* Common.c in Sources */ = {isa = PBXBuildFile; fileRef = F4C0FDB21ECA06B4004439EF /* Common.c */; };
		F4C0FDB71ECA06B4004439EF /* Common.c in Sources */ = {isa = PBXBuildFile; fileRef = F4C0FDB21ECA06B4004439EF /* Common.c */; };
		F4C0FDB81ECA06B4004439EF /* Common.c in Sources */ = {isa = PBXBuildFile; fileRef = F4C0FDB21ECA06B4004439EF /* Common.c */; };
		F4C0FDB91ECA06B4004439EF /* Common.c in Sources */ = {isa = PBXBuildFile; fileRef = F4C0FDB21ECA06B4004439EF /* Common.c */; };
		F4C0FDBA1ECA06B4004439EF /* Common.c in Sources */ = {isa = PBXBuildFile; fileRef = F4C0FDB21ECA06B4004439EF /* Common.c */; };
		F4C0FDBB1ECA27FA004439EF /* show in Resources */ = {isa = PBXBuildFile; fileRef = F47B5EEA1EC8ACC800AC2DEA /* show */; };
		F4C0FDBC1ECA27FC004439EF /* paths in Resources */ = {isa = PBXBuildFile; fileRef = F4C0FD5F1EC9023F004439EF /* paths */; };
		F4C0FDBD1ECA27FF004439EF /* label in Resources */ = {isa = PBXBuildFile; fileRef = F4C0FD6B1EC909A1004439EF /* label */; };
		F4C0FDBE1ECA2801004439EF /* getinfo in Resources */ = {isa = PBXBuildFile; fileRef = F4C0FD7C1EC9CC48004439EF /* getinfo */; };
		F4F118791EBE151700E99B9A /* Images.xcassets in Resources */ = {isa = PBXBuildFile; fileRef = F4F118781EBE151700E99B9A /* Images.xcassets */; };
		F4F118821EBF431E00E99B9A /* SnapWindow.xib in Resources */ = {isa = PBXBuildFile; fileRef = F4F118811EBF431E00E99B9A /* SnapWindow.xib */; };
		F4F1188F1EBF69F400E99B9A /* PathParser.m in Sources */ = {isa = PBXBuildFile; fileRef = F4F1188E1EBF69F400E99B9A /* PathParser.m */; };
		F4F118901EBF69F400E99B9A /* PathParser.m in Sources */ = {isa = PBXBuildFile; fileRef = F4F1188E1EBF69F400E99B9A /* PathParser.m */; };
		F4F118981EBF6DBA00E99B9A /* CmdWindowController.m in Sources */ = {isa = PBXBuildFile; fileRef = F4F118961EBF6DBA00E99B9A /* CmdWindowController.m */; };
		F4F118991EBF6DBA00E99B9A /* CmdWindow.xib in Resources */ = {isa = PBXBuildFile; fileRef = F4F118971EBF6DBA00E99B9A /* CmdWindow.xib */; };
		F4F1189C1EBF724E00E99B9A /* NSWorkspace+Additions.m in Sources */ = {isa = PBXBuildFile; fileRef = F4F1189B1EBF724E00E99B9A /* NSWorkspace+Additions.m */; };
		F4F118A31EBF79AB00E99B9A /* NSFileManager+FileOrFolderSize.m in Sources */ = {isa = PBXBuildFile; fileRef = F4F1189E1EBF79AB00E99B9A /* NSFileManager+FileOrFolderSize.m */; };
		F4F118A41EBF79AB00E99B9A /* NSString+CarbonFSRefCreation.m in Sources */ = {isa = PBXBuildFile; fileRef = F4F118A01EBF79AB00E99B9A /* NSString+CarbonFSRefCreation.m */; };
		F4F118B51EBFCB7500E99B9A /* Alerts.m in Sources */ = {isa = PBXBuildFile; fileRef = F4F118B41EBFCB7500E99B9A /* Alerts.m */; };
		F4F118B81EBFDFC700E99B9A /* SnapFileManager.m in Sources */ = {isa = PBXBuildFile; fileRef = F4F118B71EBFDFC700E99B9A /* SnapFileManager.m */; };
		F4F118B91EBFDFC700E99B9A /* SnapFileManager.m in Sources */ = {isa = PBXBuildFile; fileRef = F4F118B71EBFDFC700E99B9A /* SnapFileManager.m */; };
/* End PBXBuildFile section */

/* Begin PBXContainerItemProxy section */
		F47B5EE01EC8A5E500AC2DEA /* PBXContainerItemProxy */ = {
			isa = PBXContainerItemProxy;
			containerPortal = F485853114D46E4300B007CA /* Project object */;
			proxyType = 1;
			remoteGlobalIDString = F47B5ECC1EC8A10000AC2DEA;
			remoteInfo = copy;
		};
		F4C0FD901EC9FD3F004439EF /* PBXContainerItemProxy */ = {
			isa = PBXContainerItemProxy;
			containerPortal = F485853114D46E4300B007CA /* Project object */;
			proxyType = 1;
			remoteGlobalIDString = F47B5EE91EC8ACC800AC2DEA;
			remoteInfo = show;
		};
		F4C0FD921EC9FD42004439EF /* PBXContainerItemProxy */ = {
			isa = PBXContainerItemProxy;
			containerPortal = F485853114D46E4300B007CA /* Project object */;
			proxyType = 1;
			remoteGlobalIDString = F4C0FD5E1EC9023F004439EF;
			remoteInfo = paths;
		};
		F4C0FD941EC9FD43004439EF /* PBXContainerItemProxy */ = {
			isa = PBXContainerItemProxy;
			containerPortal = F485853114D46E4300B007CA /* Project object */;
			proxyType = 1;
			remoteGlobalIDString = F4C0FD6A1EC909A1004439EF;
			remoteInfo = label;
		};
		F4C0FD961EC9FD45004439EF /* PBXContainerItemProxy */ = {
			isa = PBXContainerItemProxy;
			containerPortal = F485853114D46E4300B007CA /* Project object */;
			proxyType = 1;
			remoteGlobalIDString = F4C0FD7B1EC9CC48004439EF;
			remoteInfo = getinfo;
		};
		F4F118761EBE0E8200E99B9A /* PBXContainerItemProxy */ = {
			isa = PBXContainerItemProxy;
			containerPortal = F485853114D46E4300B007CA /* Project object */;
			proxyType = 1;
			remoteGlobalIDString = F430C24614DEF3DC0026CBDB;
			remoteInfo = snap;
		};
/* End PBXContainerItemProxy section */

/* Begin PBXCopyFilesBuildPhase section */
		F47B45161EE5768200D79DFF /* CopyFiles */ = {
			isa = PBXCopyFilesBuildPhase;
			buildActionMask = 2147483647;
			dstPath = /usr/share/man/man1/;
			dstSubfolderSpec = 0;
			files = (
			);
			runOnlyForDeploymentPostprocessing = 1;
		};
		F47B5ECB1EC8A10000AC2DEA /* CopyFiles */ = {
			isa = PBXCopyFilesBuildPhase;
			buildActionMask = 2147483647;
			dstPath = /usr/share/man/man1/;
			dstSubfolderSpec = 0;
			files = (
			);
			runOnlyForDeploymentPostprocessing = 1;
		};
		F47B5EE81EC8ACC800AC2DEA /* CopyFiles */ = {
			isa = PBXCopyFilesBuildPhase;
			buildActionMask = 2147483647;
			dstPath = /usr/share/man/man1/;
			dstSubfolderSpec = 0;
			files = (
			);
			runOnlyForDeploymentPostprocessing = 1;
		};
		F4C0FD5D1EC9023F004439EF /* CopyFiles */ = {
			isa = PBXCopyFilesBuildPhase;
			buildActionMask = 2147483647;
			dstPath = /usr/share/man/man1/;
			dstSubfolderSpec = 0;
			files = (
			);
			runOnlyForDeploymentPostprocessing = 1;
		};
		F4C0FD691EC909A1004439EF /* CopyFiles */ = {
			isa = PBXCopyFilesBuildPhase;
			buildActionMask = 2147483647;
			dstPath = /usr/share/man/man1/;
			dstSubfolderSpec = 0;
			files = (
			);
			runOnlyForDeploymentPostprocessing = 1;
		};
		F4C0FD7A1EC9CC48004439EF /* CopyFiles */ = {
			isa = PBXCopyFilesBuildPhase;
			buildActionMask = 2147483647;
			dstPath = /usr/share/man/man1/;
			dstSubfolderSpec = 0;
			files = (
			);
			runOnlyForDeploymentPostprocessing = 1;
		};
		F4F118741EBE0E5600E99B9A /* Copy Command Line Tool */ = {
			isa = PBXCopyFilesBuildPhase;
			buildActionMask = 2147483647;
			dstPath = "";
			dstSubfolderSpec = 7;
			files = (
			);
			name = "Copy Command Line Tool";
			runOnlyForDeploymentPostprocessing = 0;
		};
/* End PBXCopyFilesBuildPhase section */

/* Begin PBXFileReference section */
		F423DA741EC61B0C005AA2FC /* lz4.c */ = {isa = PBXFileReference; fileEncoding = 4; lastKnownFileType = sourcecode.c.c; path = lz4.c; sourceTree = "<group>"; };
		F423DA751EC61B0C005AA2FC /* lz4.h */ = {isa = PBXFileReference; fileEncoding = 4; lastKnownFileType = sourcecode.c.h; path = lz4.h; sourceTree = "<group>"; };
		F423DA761EC61B0C005AA2FC /* lz4hc.c */ = {isa = PBXFileReference; fileEncoding = 4; lastKnownFileType = sourcecode.c.c; path = lz4hc.c; sourceTree = "<group>"; };
		F423DA771EC61B0C005AA2FC /* lz4hc.h */ = {isa = PBXFileReference; fileEncoding = 4; lastKnownFileType = sourcecode.c.h; path = lz4hc.h; sourceTree = "<group>"; };
		F423DA781EC61B0C005AA2FC /* NSData+LZ4.h */ = {isa = PBXFileReference; fileEncoding = 4; lastKnownFileType = sourcecode.c.h; path = "NSData+LZ4.h"; sourceTree = "<group>"; };
		F423DA791EC61B0C005AA2FC /* NSData+LZ4.m */ = {isa = PBXFileReference; fileEncoding = 4; lastKnownFileType = sourcecode.c.objc; path = "NSData+LZ4.m"; sourceTree = "<group>"; };
		F430C24714DEF3DC0026CBDB /* snap */ = {isa = PBXFileReference; explicitFileType = "compiled.mach-o.executable"; includeInIndex = 0; path = snap; sourceTree = BUILT_PRODUCTS_DIR; };
		F430C24914DEF3DC0026CBDB /* Foundation.framework */ = {isa = PBXFileReference; lastKnownFileType = wrapper.framework; name = Foundation.framework; path = System/Library/Frameworks/Foundation.framework; sourceTree = SDKROOT; };
		F47B45181EE5768200D79DFF /* trash */ = {isa = PBXFileReference; explicitFileType = "compiled.mach-o.executable"; includeInIndex = 0; path = trash; sourceTree = BUILT_PRODUCTS_DIR; };
		F47B451F1EE576C200D79DFF /* trash.1 */ = {isa = PBXFileReference; fileEncoding = 4; lastKnownFileType = text.man; name = trash.1; path = Tools/trash/trash.1; sourceTree = SOURCE_ROOT; };
		F47B45201EE576C200D79DFF /* trash.m */ = {isa = PBXFileReference; fileEncoding = 4; lastKnownFileType = sourcecode.c.objc; name = trash.m; path = Tools/trash/trash.m; sourceTree = SOURCE_ROOT; };
		F47B5EC81EC89EB600AC2DEA /* CHANGES.txt */ = {isa = PBXFileReference; lastKnownFileType = text; path = CHANGES.txt; sourceTree = "<group>"; };
		F47B5ECD1EC8A10000AC2DEA /* copy */ = {isa = PBXFileReference; explicitFileType = "compiled.mach-o.executable"; includeInIndex = 0; path = copy; sourceTree = BUILT_PRODUCTS_DIR; };
		F47B5EEA1EC8ACC800AC2DEA /* show */ = {isa = PBXFileReference; explicitFileType = "compiled.mach-o.executable"; includeInIndex = 0; path = show; sourceTree = BUILT_PRODUCTS_DIR; };
		F47D65BF1EC5F9E20000ABAE /* DocumentIcon.icns */ = {isa = PBXFileReference; lastKnownFileType = image.icns; path = DocumentIcon.icns; sourceTree = "<group>"; };
		F485853A14D46E4300B007CA /* SnapDart.app */ = {isa = PBXFileReference; explicitFileType = wrapper.application; includeInIndex = 0; path = SnapDart.app; sourceTree = BUILT_PRODUCTS_DIR; };
		F485853E14D46E4300B007CA /* Cocoa.framework */ = {isa = PBXFileReference; lastKnownFileType = wrapper.framework; name = Cocoa.framework; path = System/Library/Frameworks/Cocoa.framework; sourceTree = SDKROOT; };
		F485854614D46E4300B007CA /* SnapDart-Info.plist */ = {isa = PBXFileReference; lastKnownFileType = text.plist.xml; path = "SnapDart-Info.plist"; sourceTree = "<group>"; };
		F485854A14D46E4300B007CA /* main.m */ = {isa = PBXFileReference; lastKnownFileType = sourcecode.c.objc; path = main.m; sourceTree = "<group>"; };
		F485854E14D46E4300B007CA /* en */ = {isa = PBXFileReference; lastKnownFileType = text.rtf; name = en; path = en.lproj/Credits.rtf; sourceTree = "<group>"; };
		F485855014D46E4300B007CA /* SnapDartAppDelegate.h */ = {isa = PBXFileReference; lastKnownFileType = sourcecode.c.h; path = SnapDartAppDelegate.h; sourceTree = "<group>"; };
		F485855114D46E4300B007CA /* SnapDartAppDelegate.m */ = {isa = PBXFileReference; lastKnownFileType = sourcecode.c.objc; path = SnapDartAppDelegate.m; sourceTree = "<group>"; };
		F485855414D46E4300B007CA /* en */ = {isa = PBXFileReference; lastKnownFileType = file.xib; name = en; path = en.lproj/MainMenu.xib; sourceTree = "<group>"; };
		F485855B14D46E8200B007CA /* SnapWindowController.h */ = {isa = PBXFileReference; fileEncoding = 4; lastKnownFileType = sourcecode.c.h; path = SnapWindowController.h; sourceTree = "<group>"; };
		F485855C14D46E8200B007CA /* SnapWindowController.m */ = {isa = PBXFileReference; fileEncoding = 4; lastKnownFileType = sourcecode.c.objc; path = SnapWindowController.m; sourceTree = "<group>"; };
		F485856F14D470A200B007CA /* Defaults.plist */ = {isa = PBXFileReference; lastKnownFileType = file.bplist; path = Defaults.plist; sourceTree = "<group>"; };
		F485858714D4CD1500B007CA /* SnapItem.h */ = {isa = PBXFileReference; fileEncoding = 4; lastKnownFileType = sourcecode.c.h; path = SnapItem.h; sourceTree = "<group>"; };
		F485858814D4CD1600B007CA /* SnapItem.m */ = {isa = PBXFileReference; fileEncoding = 4; lastKnownFileType = sourcecode.c.objc; path = SnapItem.m; sourceTree = "<group>"; };
		F4C0FD5F1EC9023F004439EF /* paths */ = {isa = PBXFileReference; explicitFileType = "compiled.mach-o.executable"; includeInIndex = 0; path = paths; sourceTree = BUILT_PRODUCTS_DIR; };
		F4C0FD6B1EC909A1004439EF /* label */ = {isa = PBXFileReference; explicitFileType = "compiled.mach-o.executable"; includeInIndex = 0; path = label; sourceTree = BUILT_PRODUCTS_DIR; };
		F4C0FD7C1EC9CC48004439EF /* getinfo */ = {isa = PBXFileReference; explicitFileType = "compiled.mach-o.executable"; includeInIndex = 0; path = getinfo; sourceTree = BUILT_PRODUCTS_DIR; };
		F4C0FD981ECA0538004439EF /* copy.1 */ = {isa = PBXFileReference; fileEncoding = 4; lastKnownFileType = text.man; name = copy.1; path = Tools/copy/copy.1; sourceTree = SOURCE_ROOT; };
		F4C0FD991ECA0538004439EF /* copy.m */ = {isa = PBXFileReference; fileEncoding = 4; lastKnownFileType = sourcecode.c.objc; name = copy.m; path = Tools/copy/copy.m; sourceTree = SOURCE_ROOT; };
		F4C0FD9B1ECA05E8004439EF /* getinfo.1 */ = {isa = PBXFileReference; fileEncoding = 4; lastKnownFileType = text.man; name = getinfo.1; path = Tools/getinfo/getinfo.1; sourceTree = SOURCE_ROOT; };
		F4C0FD9C1ECA05E8004439EF /* getinfo.m */ = {isa = PBXFileReference; fileEncoding = 4; lastKnownFileType = sourcecode.c.objc; name = getinfo.m; path = Tools/getinfo/getinfo.m; sourceTree = SOURCE_ROOT; };
		F4C0FD9E1ECA05F9004439EF /* show.1 */ = {isa = PBXFileReference; fileEncoding = 4; lastKnownFileType = text.man; name = show.1; path = Tools/show/show.1; sourceTree = SOURCE_ROOT; };
		F4C0FD9F1ECA05F9004439EF /* show.m */ = {isa = PBXFileReference; fileEncoding = 4; lastKnownFileType = sourcecode.c.objc; name = show.m; path = Tools/show/show.m; sourceTree = SOURCE_ROOT; };
		F4C0FDA11ECA0604004439EF /* paths.1 */ = {isa = PBXFileReference; fileEncoding = 4; lastKnownFileType = text.man; name = paths.1; path = Tools/paths/paths.1; sourceTree = SOURCE_ROOT; };
		F4C0FDA21ECA0604004439EF /* paths.m */ = {isa = PBXFileReference; fileEncoding = 4; lastKnownFileType = sourcecode.c.objc; name = paths.m; path = Tools/paths/paths.m; sourceTree = SOURCE_ROOT; };
		F4C0FDA41ECA060E004439EF /* label.1 */ = {isa = PBXFileReference; fileEncoding = 4; lastKnownFileType = text.man; name = label.1; path = Tools/label/label.1; sourceTree = SOURCE_ROOT; };
		F4C0FDA51ECA060E004439EF /* label.m */ = {isa = PBXFileReference; fileEncoding = 4; lastKnownFileType = sourcecode.c.objc; name = label.m; path = Tools/label/label.m; sourceTree = SOURCE_ROOT; };
		F4C0FDA71ECA064F004439EF /* snap.1 */ = {isa = PBXFileReference; fileEncoding = 4; lastKnownFileType = text.man; name = snap.1; path = Tools/snap/snap.1; sourceTree = SOURCE_ROOT; };
		F4C0FDA81ECA064F004439EF /* snap.m */ = {isa = PBXFileReference; fileEncoding = 4; lastKnownFileType = sourcecode.c.objc; name = snap.m; path = Tools/snap/snap.m; sourceTree = SOURCE_ROOT; };
		F4C0FDAA1ECA0677004439EF /* CLI.h */ = {isa = PBXFileReference; fileEncoding = 4; lastKnownFileType = sourcecode.c.h; name = CLI.h; path = Tools/CLI.h; sourceTree = "<group>"; };
		F4C0FDAB1ECA0677004439EF /* CLI.m */ = {isa = PBXFileReference; fileEncoding = 4; lastKnownFileType = sourcecode.c.objc; name = CLI.m; path = Tools/CLI.m; sourceTree = "<group>"; };
		F4C0FDB21ECA06B4004439EF /* Common.c */ = {isa = PBXFileReference; fileEncoding = 4; lastKnownFileType = sourcecode.c.c; name = Common.c; path = Shared/Common.c; sourceTree = "<group>"; };
		F4C0FDB31ECA06B4004439EF /* Common.h */ = {isa = PBXFileReference; fileEncoding = 4; lastKnownFileType = sourcecode.c.h; name = Common.h; path = Shared/Common.h; sourceTree = "<group>"; };
		F4F118781EBE151700E99B9A /* Images.xcassets */ = {isa = PBXFileReference; lastKnownFileType = folder.assetcatalog; path = Images.xcassets; sourceTree = "<group>"; };
		F4F118811EBF431E00E99B9A /* SnapWindow.xib */ = {isa = PBXFileReference; fileEncoding = 4; lastKnownFileType = file.xib; path = SnapWindow.xib; sourceTree = "<group>"; };
		F4F118851EBF46FB00E99B9A /* dragon.ai */ = {isa = PBXFileReference; lastKnownFileType = text; path = dragon.ai; sourceTree = "<group>"; };
		F4F118871EBF46FB00E99B9A /* snap-icon.psd */ = {isa = PBXFileReference; lastKnownFileType = file; path = "snap-icon.psd"; sourceTree = "<group>"; };
		F4F118881EBF46FB00E99B9A /* status-menu-silhouette.psd */ = {isa = PBXFileReference; lastKnownFileType = file; path = "status-menu-silhouette.psd"; sourceTree = "<group>"; };
		F4F1188D1EBF69F400E99B9A /* PathParser.h */ = {isa = PBXFileReference; fileEncoding = 4; lastKnownFileType = sourcecode.c.h; path = PathParser.h; sourceTree = "<group>"; };
		F4F1188E1EBF69F400E99B9A /* PathParser.m */ = {isa = PBXFileReference; fileEncoding = 4; lastKnownFileType = sourcecode.c.objc; path = PathParser.m; sourceTree = "<group>"; };
		F4F118951EBF6DBA00E99B9A /* CmdWindowController.h */ = {isa = PBXFileReference; fileEncoding = 4; lastKnownFileType = sourcecode.c.h; path = CmdWindowController.h; sourceTree = "<group>"; };
		F4F118961EBF6DBA00E99B9A /* CmdWindowController.m */ = {isa = PBXFileReference; fileEncoding = 4; lastKnownFileType = sourcecode.c.objc; path = CmdWindowController.m; sourceTree = "<group>"; };
		F4F118971EBF6DBA00E99B9A /* CmdWindow.xib */ = {isa = PBXFileReference; fileEncoding = 4; lastKnownFileType = file.xib; path = CmdWindow.xib; sourceTree = "<group>"; };
		F4F1189A1EBF724E00E99B9A /* NSWorkspace+Additions.h */ = {isa = PBXFileReference; fileEncoding = 4; lastKnownFileType = sourcecode.c.h; path = "NSWorkspace+Additions.h"; sourceTree = "<group>"; };
		F4F1189B1EBF724E00E99B9A /* NSWorkspace+Additions.m */ = {isa = PBXFileReference; fileEncoding = 4; lastKnownFileType = sourcecode.c.objc; path = "NSWorkspace+Additions.m"; sourceTree = "<group>"; };
		F4F1189D1EBF79AB00E99B9A /* NSFileManager+FileOrFolderSize.h */ = {isa = PBXFileReference; fileEncoding = 4; lastKnownFileType = sourcecode.c.h; path = "NSFileManager+FileOrFolderSize.h"; sourceTree = "<group>"; };
		F4F1189E1EBF79AB00E99B9A /* NSFileManager+FileOrFolderSize.m */ = {isa = PBXFileReference; fileEncoding = 4; lastKnownFileType = sourcecode.c.objc; path = "NSFileManager+FileOrFolderSize.m"; sourceTree = "<group>"; };
		F4F1189F1EBF79AB00E99B9A /* NSString+CarbonFSRefCreation.h */ = {isa = PBXFileReference; fileEncoding = 4; lastKnownFileType = sourcecode.c.h; path = "NSString+CarbonFSRefCreation.h"; sourceTree = "<group>"; };
		F4F118A01EBF79AB00E99B9A /* NSString+CarbonFSRefCreation.m */ = {isa = PBXFileReference; fileEncoding = 4; lastKnownFileType = sourcecode.c.objc; path = "NSString+CarbonFSRefCreation.m"; sourceTree = "<group>"; };
		F4F118A11EBF79AB00E99B9A /* NSString+SymlinksAndAliases.h */ = {isa = PBXFileReference; fileEncoding = 4; lastKnownFileType = sourcecode.c.h; path = "NSString+SymlinksAndAliases.h"; sourceTree = "<group>"; };
		F4F118A21EBF79AB00E99B9A /* NSString+SymlinksAndAliases.m */ = {isa = PBXFileReference; fileEncoding = 4; lastKnownFileType = sourcecode.c.objc; path = "NSString+SymlinksAndAliases.m"; sourceTree = "<group>"; };
		F4F118A61EBF7EB800E99B9A /* README.md */ = {isa = PBXFileReference; lastKnownFileType = net.daringfireball.markdown; path = README.md; sourceTree = "<group>"; };
		F4F118B31EBFCB7500E99B9A /* Alerts.h */ = {isa = PBXFileReference; fileEncoding = 4; lastKnownFileType = sourcecode.c.h; path = Alerts.h; sourceTree = "<group>"; };
		F4F118B41EBFCB7500E99B9A /* Alerts.m */ = {isa = PBXFileReference; fileEncoding = 4; lastKnownFileType = sourcecode.c.objc; path = Alerts.m; sourceTree = "<group>"; };
		F4F118B61EBFDFC700E99B9A /* SnapFileManager.h */ = {isa = PBXFileReference; fileEncoding = 4; lastKnownFileType = sourcecode.c.h; path = SnapFileManager.h; sourceTree = "<group>"; };
		F4F118B71EBFDFC700E99B9A /* SnapFileManager.m */ = {isa = PBXFileReference; fileEncoding = 4; lastKnownFileType = sourcecode.c.objc; path = SnapFileManager.m; sourceTree = "<group>"; };
/* End PBXFileReference section */

/* Begin PBXFrameworksBuildPhase section */
		F430C24414DEF3DC0026CBDB /* Frameworks */ = {
			isa = PBXFrameworksBuildPhase;
			buildActionMask = 2147483647;
			files = (
				F42730901EAFA3D400F3F7A5 /* Cocoa.framework in Frameworks */,
				F430C24A14DEF3DC0026CBDB /* Foundation.framework in Frameworks */,
			);
			runOnlyForDeploymentPostprocessing = 0;
		};
		F47B45151EE5768200D79DFF /* Frameworks */ = {
			isa = PBXFrameworksBuildPhase;
			buildActionMask = 2147483647;
			files = (
			);
			runOnlyForDeploymentPostprocessing = 0;
		};
		F47B5ECA1EC8A10000AC2DEA /* Frameworks */ = {
			isa = PBXFrameworksBuildPhase;
			buildActionMask = 2147483647;
			files = (
			);
			runOnlyForDeploymentPostprocessing = 0;
		};
		F47B5EE71EC8ACC800AC2DEA /* Frameworks */ = {
			isa = PBXFrameworksBuildPhase;
			buildActionMask = 2147483647;
			files = (
			);
			runOnlyForDeploymentPostprocessing = 0;
		};
		F485853714D46E4300B007CA /* Frameworks */ = {
			isa = PBXFrameworksBuildPhase;
			buildActionMask = 2147483647;
			files = (
				F485853F14D46E4300B007CA /* Cocoa.framework in Frameworks */,
			);
			runOnlyForDeploymentPostprocessing = 0;
		};
		F4C0FD5C1EC9023F004439EF /* Frameworks */ = {
			isa = PBXFrameworksBuildPhase;
			buildActionMask = 2147483647;
			files = (
			);
			runOnlyForDeploymentPostprocessing = 0;
		};
		F4C0FD681EC909A1004439EF /* Frameworks */ = {
			isa = PBXFrameworksBuildPhase;
			buildActionMask = 2147483647;
			files = (
			);
			runOnlyForDeploymentPostprocessing = 0;
		};
		F4C0FD791EC9CC48004439EF /* Frameworks */ = {
			isa = PBXFrameworksBuildPhase;
			buildActionMask = 2147483647;
			files = (
			);
			runOnlyForDeploymentPostprocessing = 0;
		};
/* End PBXFrameworksBuildPhase section */

/* Begin PBXGroup section */
		F423DA801EC61B12005AA2FC /* LZ4 */ = {
			isa = PBXGroup;
			children = (
				F423DA781EC61B0C005AA2FC /* NSData+LZ4.h */,
				F423DA791EC61B0C005AA2FC /* NSData+LZ4.m */,
				F423DA751EC61B0C005AA2FC /* lz4.h */,
				F423DA741EC61B0C005AA2FC /* lz4.c */,
				F423DA771EC61B0C005AA2FC /* lz4hc.h */,
				F423DA761EC61B0C005AA2FC /* lz4hc.c */,
			);
			name = LZ4;
			sourceTree = "<group>";
		};
		F430C24B14DEF3DC0026CBDB /* snap */ = {
			isa = PBXGroup;
			children = (
				F4C0FDA71ECA064F004439EF /* snap.1 */,
				F4C0FDA81ECA064F004439EF /* snap.m */,
			);
			path = snap;
			sourceTree = "<group>";
		};
		F47B45191EE5768200D79DFF /* trash */ = {
			isa = PBXGroup;
			children = (
				F47B45201EE576C200D79DFF /* trash.m */,
				F47B451F1EE576C200D79DFF /* trash.1 */,
			);
			path = trash;
			sourceTree = "<group>";
		};
		F47B5ECE1EC8A10000AC2DEA /* copy */ = {
			isa = PBXGroup;
			children = (
				F4C0FD991ECA0538004439EF /* copy.m */,
				F4C0FD981ECA0538004439EF /* copy.1 */,
			);
			path = copy;
			sourceTree = "<group>";
		};
		F47B5EEB1EC8ACC800AC2DEA /* show */ = {
			isa = PBXGroup;
			children = (
				F4C0FD9E1ECA05F9004439EF /* show.1 */,
				F4C0FD9F1ECA05F9004439EF /* show.m */,
			);
			path = show;
			sourceTree = "<group>";
		};
		F485852F14D46E4300B007CA = {
			isa = PBXGroup;
			children = (
				F47B5EC81EC89EB600AC2DEA /* CHANGES.txt */,
				F4F118A61EBF7EB800E99B9A /* README.md */,
				F4C0FDB31ECA06B4004439EF /* Common.h */,
				F4C0FDB21ECA06B4004439EF /* Common.c */,
				F485854414D46E4300B007CA /* SnapDart App */,
				F4F118891EBF69A200E99B9A /* Command Line Tools */,
				F4F1188C1EBF69DD00E99B9A /* Shared */,
				F4F118841EBF46FB00E99B9A /* Assets */,
				F485853D14D46E4300B007CA /* Frameworks */,
				F485853B14D46E4300B007CA /* Products */,
			);
			sourceTree = "<group>";
		};
		F485853B14D46E4300B007CA /* Products */ = {
			isa = PBXGroup;
			children = (
				F485853A14D46E4300B007CA /* SnapDart.app */,
				F430C24714DEF3DC0026CBDB /* snap */,
				F47B5ECD1EC8A10000AC2DEA /* copy */,
				F47B5EEA1EC8ACC800AC2DEA /* show */,
				F4C0FD5F1EC9023F004439EF /* paths */,
				F4C0FD6B1EC909A1004439EF /* label */,
				F4C0FD7C1EC9CC48004439EF /* getinfo */,
				F47B45181EE5768200D79DFF /* trash */,
			);
			name = Products;
			sourceTree = "<group>";
		};
		F485853D14D46E4300B007CA /* Frameworks */ = {
			isa = PBXGroup;
			children = (
				F485853E14D46E4300B007CA /* Cocoa.framework */,
				F430C24914DEF3DC0026CBDB /* Foundation.framework */,
			);
			name = Frameworks;
			sourceTree = "<group>";
		};
		F485854414D46E4300B007CA /* SnapDart App */ = {
			isa = PBXGroup;
			children = (
				F485854A14D46E4300B007CA /* main.m */,
				F485855014D46E4300B007CA /* SnapDartAppDelegate.h */,
				F485855114D46E4300B007CA /* SnapDartAppDelegate.m */,
				F485855B14D46E8200B007CA /* SnapWindowController.h */,
				F485855C14D46E8200B007CA /* SnapWindowController.m */,
				F4F118951EBF6DBA00E99B9A /* CmdWindowController.h */,
				F4F118961EBF6DBA00E99B9A /* CmdWindowController.m */,
				F485858714D4CD1500B007CA /* SnapItem.h */,
				F485858814D4CD1600B007CA /* SnapItem.m */,
				F485854514D46E4300B007CA /* Resources */,
			);
			name = "SnapDart App";
			path = SnapDart;
			sourceTree = "<group>";
		};
		F485854514D46E4300B007CA /* Resources */ = {
			isa = PBXGroup;
			children = (
				F47D65BF1EC5F9E20000ABAE /* DocumentIcon.icns */,
				F4F118781EBE151700E99B9A /* Images.xcassets */,
				F485855314D46E4300B007CA /* MainMenu.xib */,
				F4F118971EBF6DBA00E99B9A /* CmdWindow.xib */,
				F4F118811EBF431E00E99B9A /* SnapWindow.xib */,
				F485856F14D470A200B007CA /* Defaults.plist */,
				F485854614D46E4300B007CA /* SnapDart-Info.plist */,
				F485854D14D46E4300B007CA /* Credits.rtf */,
			);
			name = Resources;
			sourceTree = "<group>";
		};
		F4C0FD601EC9023F004439EF /* paths */ = {
			isa = PBXGroup;
			children = (
				F4C0FDA11ECA0604004439EF /* paths.1 */,
				F4C0FDA21ECA0604004439EF /* paths.m */,
			);
			path = paths;
			sourceTree = "<group>";
		};
		F4C0FD6C1EC909A1004439EF /* label */ = {
			isa = PBXGroup;
			children = (
				F4C0FDA41ECA060E004439EF /* label.1 */,
				F4C0FDA51ECA060E004439EF /* label.m */,
			);
			path = label;
			sourceTree = "<group>";
		};
		F4C0FD7D1EC9CC48004439EF /* getinfo */ = {
			isa = PBXGroup;
			children = (
				F4C0FD9C1ECA05E8004439EF /* getinfo.m */,
				F4C0FD9B1ECA05E8004439EF /* getinfo.1 */,
			);
			path = getinfo;
			sourceTree = "<group>";
		};
		F4F118841EBF46FB00E99B9A /* Assets */ = {
			isa = PBXGroup;
			children = (
				F4F118851EBF46FB00E99B9A /* dragon.ai */,
				F4F118871EBF46FB00E99B9A /* snap-icon.psd */,
				F4F118881EBF46FB00E99B9A /* status-menu-silhouette.psd */,
			);
			path = Assets;
			sourceTree = "<group>";
		};
		F4F118891EBF69A200E99B9A /* Command Line Tools */ = {
			isa = PBXGroup;
			children = (
				F4C0FDAA1ECA0677004439EF /* CLI.h */,
				F4C0FDAB1ECA0677004439EF /* CLI.m */,
				F430C24B14DEF3DC0026CBDB /* snap */,
				F4C0FD6C1EC909A1004439EF /* label */,
				F4C0FD601EC9023F004439EF /* paths */,
				F47B5EEB1EC8ACC800AC2DEA /* show */,
				F47B5ECE1EC8A10000AC2DEA /* copy */,
				F4C0FD7D1EC9CC48004439EF /* getinfo */,
				F47B45191EE5768200D79DFF /* trash */,
			);
			name = "Command Line Tools";
			sourceTree = "<group>";
		};
		F4F1188C1EBF69DD00E99B9A /* Shared */ = {
			isa = PBXGroup;
			children = (
				F4F118B61EBFDFC700E99B9A /* SnapFileManager.h */,
				F4F118B71EBFDFC700E99B9A /* SnapFileManager.m */,
				F4F1188D1EBF69F400E99B9A /* PathParser.h */,
				F4F1188E1EBF69F400E99B9A /* PathParser.m */,
				F4F1189A1EBF724E00E99B9A /* NSWorkspace+Additions.h */,
				F4F1189B1EBF724E00E99B9A /* NSWorkspace+Additions.m */,
				F4F118B31EBFCB7500E99B9A /* Alerts.h */,
				F4F118B41EBFCB7500E99B9A /* Alerts.m */,
				F423DA801EC61B12005AA2FC /* LZ4 */,
				F4F1189D1EBF79AB00E99B9A /* NSFileManager+FileOrFolderSize.h */,
				F4F1189E1EBF79AB00E99B9A /* NSFileManager+FileOrFolderSize.m */,
				F4F1189F1EBF79AB00E99B9A /* NSString+CarbonFSRefCreation.h */,
				F4F118A01EBF79AB00E99B9A /* NSString+CarbonFSRefCreation.m */,
				F4F118A11EBF79AB00E99B9A /* NSString+SymlinksAndAliases.h */,
				F4F118A21EBF79AB00E99B9A /* NSString+SymlinksAndAliases.m */,
			);
			path = Shared;
			sourceTree = "<group>";
		};
/* End PBXGroup section */

/* Begin PBXNativeTarget section */
		F430C24614DEF3DC0026CBDB /* snap */ = {
			isa = PBXNativeTarget;
			buildConfigurationList = F430C25414DEF3DC0026CBDB /* Build configuration list for PBXNativeTarget "snap" */;
			buildPhases = (
				F430C24314DEF3DC0026CBDB /* Sources */,
				F430C24414DEF3DC0026CBDB /* Frameworks */,
			);
			buildRules = (
			);
			dependencies = (
			);
			name = snap;
			productName = snap;
			productReference = F430C24714DEF3DC0026CBDB /* snap */;
			productType = "com.apple.product-type.tool";
		};
		F47B45171EE5768200D79DFF /* trash */ = {
			isa = PBXNativeTarget;
			buildConfigurationList = F47B451E1EE5768200D79DFF /* Build configuration list for PBXNativeTarget "trash" */;
			buildPhases = (
				F47B45141EE5768200D79DFF /* Sources */,
				F47B45151EE5768200D79DFF /* Frameworks */,
				F47B45161EE5768200D79DFF /* CopyFiles */,
			);
			buildRules = (
			);
			dependencies = (
			);
			name = trash;
			productName = trash;
			productReference = F47B45181EE5768200D79DFF /* trash */;
			productType = "com.apple.product-type.tool";
		};
		F47B5ECC1EC8A10000AC2DEA /* copy */ = {
			isa = PBXNativeTarget;
			buildConfigurationList = F47B5ED11EC8A10000AC2DEA /* Build configuration list for PBXNativeTarget "copy" */;
			buildPhases = (
				F47B5EC91EC8A10000AC2DEA /* Sources */,
				F47B5ECA1EC8A10000AC2DEA /* Frameworks */,
				F47B5ECB1EC8A10000AC2DEA /* CopyFiles */,
			);
			buildRules = (
			);
			dependencies = (
			);
			name = copy;
			productName = copy;
			productReference = F47B5ECD1EC8A10000AC2DEA /* copy */;
			productType = "com.apple.product-type.tool";
		};
		F47B5EE91EC8ACC800AC2DEA /* show */ = {
			isa = PBXNativeTarget;
			buildConfigurationList = F47B5EEE1EC8ACC800AC2DEA /* Build configuration list for PBXNativeTarget "show" */;
			buildPhases = (
				F47B5EE61EC8ACC800AC2DEA /* Sources */,
				F47B5EE71EC8ACC800AC2DEA /* Frameworks */,
				F47B5EE81EC8ACC800AC2DEA /* CopyFiles */,
			);
			buildRules = (
			);
			dependencies = (
			);
			name = show;
			productName = show;
			productReference = F47B5EEA1EC8ACC800AC2DEA /* show */;
			productType = "com.apple.product-type.tool";
		};
		F485853914D46E4300B007CA /* SnapDart */ = {
			isa = PBXNativeTarget;
			buildConfigurationList = F485855814D46E4300B007CA /* Build configuration list for PBXNativeTarget "SnapDart" */;
			buildPhases = (
				F485853614D46E4300B007CA /* Sources */,
				F485853714D46E4300B007CA /* Frameworks */,
				F4F118741EBE0E5600E99B9A /* Copy Command Line Tool */,
				F485853814D46E4300B007CA /* Resources */,
				F4F1187C1EBE4D0900E99B9A /* Set CFBundleVersion */,
			);
			buildRules = (
			);
			dependencies = (
				F47B5EE11EC8A5E500AC2DEA /* PBXTargetDependency */,
				F4F118771EBE0E8200E99B9A /* PBXTargetDependency */,
				F4C0FD911EC9FD3F004439EF /* PBXTargetDependency */,
				F4C0FD951EC9FD43004439EF /* PBXTargetDependency */,
				F4C0FD971EC9FD45004439EF /* PBXTargetDependency */,
				F4C0FD931EC9FD42004439EF /* PBXTargetDependency */,
			);
			name = SnapDart;
			productName = SnapDart;
			productReference = F485853A14D46E4300B007CA /* SnapDart.app */;
			productType = "com.apple.product-type.application";
		};
		F4C0FD5E1EC9023F004439EF /* paths */ = {
			isa = PBXNativeTarget;
			buildConfigurationList = F4C0FD631EC9023F004439EF /* Build configuration list for PBXNativeTarget "paths" */;
			buildPhases = (
				F4C0FD5B1EC9023F004439EF /* Sources */,
				F4C0FD5C1EC9023F004439EF /* Frameworks */,
				F4C0FD5D1EC9023F004439EF /* CopyFiles */,
			);
			buildRules = (
			);
			dependencies = (
			);
			name = paths;
			productName = paths;
			productReference = F4C0FD5F1EC9023F004439EF /* paths */;
			productType = "com.apple.product-type.tool";
		};
		F4C0FD6A1EC909A1004439EF /* label */ = {
			isa = PBXNativeTarget;
			buildConfigurationList = F4C0FD6F1EC909A1004439EF /* Build configuration list for PBXNativeTarget "label" */;
			buildPhases = (
				F4C0FD671EC909A1004439EF /* Sources */,
				F4C0FD681EC909A1004439EF /* Frameworks */,
				F4C0FD691EC909A1004439EF /* CopyFiles */,
			);
			buildRules = (
			);
			dependencies = (
			);
			name = label;
			productName = label;
			productReference = F4C0FD6B1EC909A1004439EF /* label */;
			productType = "com.apple.product-type.tool";
		};
		F4C0FD7B1EC9CC48004439EF /* getinfo */ = {
			isa = PBXNativeTarget;
			buildConfigurationList = F4C0FD801EC9CC48004439EF /* Build configuration list for PBXNativeTarget "getinfo" */;
			buildPhases = (
				F4C0FD781EC9CC48004439EF /* Sources */,
				F4C0FD791EC9CC48004439EF /* Frameworks */,
				F4C0FD7A1EC9CC48004439EF /* CopyFiles */,
			);
			buildRules = (
			);
			dependencies = (
			);
			name = getinfo;
			productName = getinfo;
			productReference = F4C0FD7C1EC9CC48004439EF /* getinfo */;
			productType = "com.apple.product-type.tool";
		};
/* End PBXNativeTarget section */

/* Begin PBXProject section */
		F485853114D46E4300B007CA /* Project object */ = {
			isa = PBXProject;
			attributes = {
				LastUpgradeCheck = 0830;
				TargetAttributes = {
					F47B45171EE5768200D79DFF = {
						CreatedOnToolsVersion = 8.3.2;
						ProvisioningStyle = Automatic;
					};
					F47B5ECC1EC8A10000AC2DEA = {
						CreatedOnToolsVersion = 8.3.2;
						ProvisioningStyle = Automatic;
					};
					F47B5EE91EC8ACC800AC2DEA = {
						CreatedOnToolsVersion = 8.3.2;
						ProvisioningStyle = Automatic;
					};
					F4C0FD5E1EC9023F004439EF = {
						CreatedOnToolsVersion = 8.3.2;
						ProvisioningStyle = Automatic;
					};
					F4C0FD6A1EC909A1004439EF = {
						CreatedOnToolsVersion = 8.3.2;
						ProvisioningStyle = Automatic;
					};
					F4C0FD7B1EC9CC48004439EF = {
						CreatedOnToolsVersion = 8.3.2;
						ProvisioningStyle = Automatic;
					};
				};
			};
			buildConfigurationList = F485853414D46E4300B007CA /* Build configuration list for PBXProject "SnapDart" */;
			compatibilityVersion = "Xcode 3.2";
			developmentRegion = English;
			hasScannedForEncodings = 0;
			knownRegions = (
				en,
			);
			mainGroup = F485852F14D46E4300B007CA;
			productRefGroup = F485853B14D46E4300B007CA /* Products */;
			projectDirPath = "";
			projectRoot = "";
			targets = (
				F485853914D46E4300B007CA /* SnapDart */,
				F430C24614DEF3DC0026CBDB /* snap */,
				F47B5ECC1EC8A10000AC2DEA /* copy */,
				F47B5EE91EC8ACC800AC2DEA /* show */,
				F4C0FD5E1EC9023F004439EF /* paths */,
				F4C0FD6A1EC909A1004439EF /* label */,
				F4C0FD7B1EC9CC48004439EF /* getinfo */,
				F47B45171EE5768200D79DFF /* trash */,
			);
		};
/* End PBXProject section */

/* Begin PBXResourcesBuildPhase section */
		F485853814D46E4300B007CA /* Resources */ = {
			isa = PBXResourcesBuildPhase;
			buildActionMask = 2147483647;
			files = (
				F4C0FDBC1ECA27FC004439EF /* paths in Resources */,
				F47B5EE21EC8A60700AC2DEA /* copy in Resources */,
				F4F118991EBF6DBA00E99B9A /* CmdWindow.xib in Resources */,
				F47B5EE31EC8A60B00AC2DEA /* snap in Resources */,
				F4F118821EBF431E00E99B9A /* SnapWindow.xib in Resources */,
				F485854F14D46E4300B007CA /* Credits.rtf in Resources */,
				F485855514D46E4300B007CA /* MainMenu.xib in Resources */,
				F47D65C01EC5F9E20000ABAE /* DocumentIcon.icns in Resources */,
				F4F118791EBE151700E99B9A /* Images.xcassets in Resources */,
				F4C0FDBD1ECA27FF004439EF /* label in Resources */,
				F485857014D470A200B007CA /* Defaults.plist in Resources */,
				F4C0FDBB1ECA27FA004439EF /* show in Resources */,
				F4C0FDBE1ECA2801004439EF /* getinfo in Resources */,
			);
			runOnlyForDeploymentPostprocessing = 0;
		};
/* End PBXResourcesBuildPhase section */

/* Begin PBXShellScriptBuildPhase section */
		F4F1187C1EBE4D0900E99B9A /* Set CFBundleVersion */ = {
			isa = PBXShellScriptBuildPhase;
			buildActionMask = 2147483647;
			files = (
			);
			inputPaths = (
			);
			name = "Set CFBundleVersion";
			outputPaths = (
			);
			runOnlyForDeploymentPostprocessing = 0;
			shellPath = /bin/sh;
			shellScript = "#!/bin/sh\nBUILD_NUMBER=`git rev-list HEAD | wc -l`\n/usr/libexec/PlistBuddy -c \"Set :CFBundleVersion $BUILD_NUMBER\" \"${TARGET_BUILD_DIR}/${INFOPLIST_PATH}\"\nif [ \"$?\" -ne 0 ] ; then\necho \"warning:Error incrementing CFBundleVersion\"\nfi";
		};
/* End PBXShellScriptBuildPhase section */

/* Begin PBXSourcesBuildPhase section */
		F430C24314DEF3DC0026CBDB /* Sources */ = {
			isa = PBXSourcesBuildPhase;
			buildActionMask = 2147483647;
			files = (
				F423DA7B1EC61B0C005AA2FC /* lz4.c in Sources */,
				F4F118B91EBFDFC700E99B9A /* SnapFileManager.m in Sources */,
				F4C0FDB51ECA06B4004439EF /* Common.c in Sources */,
				F423DA7F1EC61B0C005AA2FC /* NSData+LZ4.m in Sources */,
				F423DA7D1EC61B0C005AA2FC /* lz4hc.c in Sources */,
				F4C0FDAC1ECA0677004439EF /* CLI.m in Sources */,
				F4F118901EBF69F400E99B9A /* PathParser.m in Sources */,
				F4C0FDA91ECA064F004439EF /* snap.m in Sources */,
			);
			runOnlyForDeploymentPostprocessing = 0;
		};
		F47B45141EE5768200D79DFF /* Sources */ = {
			isa = PBXSourcesBuildPhase;
			buildActionMask = 2147483647;
			files = (
				F47B45221EE579A300D79DFF /* CLI.m in Sources */,
				F47B45241EE579AD00D79DFF /* PathParser.m in Sources */,
				F47B45231EE579A600D79DFF /* NSWorkspace+Additions.m in Sources */,
				F47B45211EE576C200D79DFF /* trash.m in Sources */,
			);
			runOnlyForDeploymentPostprocessing = 0;
		};
		F47B5EC91EC8A10000AC2DEA /* Sources */ = {
			isa = PBXSourcesBuildPhase;
			buildActionMask = 2147483647;
			files = (
				F4C0FD9A1ECA0538004439EF /* copy.m in Sources */,
				F47B5EE41EC8A79E00AC2DEA /* PathParser.m in Sources */,
				F4C0FDB61ECA06B4004439EF /* Common.c in Sources */,
				F4C0FDAD1ECA0677004439EF /* CLI.m in Sources */,
			);
			runOnlyForDeploymentPostprocessing = 0;
		};
		F47B5EE61EC8ACC800AC2DEA /* Sources */ = {
			isa = PBXSourcesBuildPhase;
			buildActionMask = 2147483647;
			files = (
				F4C0FDAE1ECA0677004439EF /* CLI.m in Sources */,
				F4C0FD591EC8AE80004439EF /* PathParser.m in Sources */,
				F4C0FDB71ECA06B4004439EF /* Common.c in Sources */,
				F4C0FDA01ECA05F9004439EF /* show.m in Sources */,
			);
			runOnlyForDeploymentPostprocessing = 0;
		};
		F485853614D46E4300B007CA /* Sources */ = {
			isa = PBXSourcesBuildPhase;
			buildActionMask = 2147483647;
			files = (
				F423DA7A1EC61B0C005AA2FC /* lz4.c in Sources */,
				F485854B14D46E4300B007CA /* main.m in Sources */,
				F485855214D46E4300B007CA /* SnapDartAppDelegate.m in Sources */,
				F4F118B51EBFCB7500E99B9A /* Alerts.m in Sources */,
				F485855F14D46E8200B007CA /* SnapWindowController.m in Sources */,
				F423DA7C1EC61B0C005AA2FC /* lz4hc.c in Sources */,
				F4F118A31EBF79AB00E99B9A /* NSFileManager+FileOrFolderSize.m in Sources */,
				F4C0FDB41ECA06B4004439EF /* Common.c in Sources */,
				F4F1189C1EBF724E00E99B9A /* NSWorkspace+Additions.m in Sources */,
				F485858914D4CD1600B007CA /* SnapItem.m in Sources */,
				F423DA7E1EC61B0C005AA2FC /* NSData+LZ4.m in Sources */,
				F4F118981EBF6DBA00E99B9A /* CmdWindowController.m in Sources */,
				F4F118A41EBF79AB00E99B9A /* NSString+CarbonFSRefCreation.m in Sources */,
				F4F118B81EBFDFC700E99B9A /* SnapFileManager.m in Sources */,
				F4F1188F1EBF69F400E99B9A /* PathParser.m in Sources */,
			);
			runOnlyForDeploymentPostprocessing = 0;
		};
		F4C0FD5B1EC9023F004439EF /* Sources */ = {
			isa = PBXSourcesBuildPhase;
			buildActionMask = 2147483647;
			files = (
				F4C0FDAF1ECA0677004439EF /* CLI.m in Sources */,
				F4C0FD751EC92166004439EF /* PathParser.m in Sources */,
				F4C0FDB81ECA06B4004439EF /* Common.c in Sources */,
				F4C0FDA31ECA0604004439EF /* paths.m in Sources */,
			);
			runOnlyForDeploymentPostprocessing = 0;
		};
		F4C0FD671EC909A1004439EF /* Sources */ = {
			isa = PBXSourcesBuildPhase;
			buildActionMask = 2147483647;
			files = (
				F4C0FDA61ECA060E004439EF /* label.m in Sources */,
				F4C0FD771EC9CB96004439EF /* NSWorkspace+Additions.m in Sources */,
				F4C0FDB91ECA06B4004439EF /* Common.c in Sources */,
				F4C0FD761EC92166004439EF /* PathParser.m in Sources */,
				F4C0FDB01ECA0677004439EF /* CLI.m in Sources */,
			);
			runOnlyForDeploymentPostprocessing = 0;
		};
		F4C0FD781EC9CC48004439EF /* Sources */ = {
			isa = PBXSourcesBuildPhase;
			buildActionMask = 2147483647;
			files = (
				F4C0FD861EC9EAB8004439EF /* NSWorkspace+Additions.m in Sources */,
				F4C0FD851EC9EA80004439EF /* PathParser.m in Sources */,
				F4C0FDBA1ECA06B4004439EF /* Common.c in Sources */,
				F4C0FD9D1ECA05E8004439EF /* getinfo.m in Sources */,
				F4C0FDB11ECA0677004439EF /* CLI.m in Sources */,
			);
			runOnlyForDeploymentPostprocessing = 0;
		};
/* End PBXSourcesBuildPhase section */

/* Begin PBXTargetDependency section */
		F47B5EE11EC8A5E500AC2DEA /* PBXTargetDependency */ = {
			isa = PBXTargetDependency;
			target = F47B5ECC1EC8A10000AC2DEA /* copy */;
			targetProxy = F47B5EE01EC8A5E500AC2DEA /* PBXContainerItemProxy */;
		};
		F4C0FD911EC9FD3F004439EF /* PBXTargetDependency */ = {
			isa = PBXTargetDependency;
			target = F47B5EE91EC8ACC800AC2DEA /* show */;
			targetProxy = F4C0FD901EC9FD3F004439EF /* PBXContainerItemProxy */;
		};
		F4C0FD931EC9FD42004439EF /* PBXTargetDependency */ = {
			isa = PBXTargetDependency;
			target = F4C0FD5E1EC9023F004439EF /* paths */;
			targetProxy = F4C0FD921EC9FD42004439EF /* PBXContainerItemProxy */;
		};
		F4C0FD951EC9FD43004439EF /* PBXTargetDependency */ = {
			isa = PBXTargetDependency;
			target = F4C0FD6A1EC909A1004439EF /* label */;
			targetProxy = F4C0FD941EC9FD43004439EF /* PBXContainerItemProxy */;
		};
		F4C0FD971EC9FD45004439EF /* PBXTargetDependency */ = {
			isa = PBXTargetDependency;
			target = F4C0FD7B1EC9CC48004439EF /* getinfo */;
			targetProxy = F4C0FD961EC9FD45004439EF /* PBXContainerItemProxy */;
		};
		F4F118771EBE0E8200E99B9A /* PBXTargetDependency */ = {
			isa = PBXTargetDependency;
			target = F430C24614DEF3DC0026CBDB /* snap */;
			targetProxy = F4F118761EBE0E8200E99B9A /* PBXContainerItemProxy */;
		};
/* End PBXTargetDependency section */

/* Begin PBXVariantGroup section */
		F485854D14D46E4300B007CA /* Credits.rtf */ = {
			isa = PBXVariantGroup;
			children = (
				F485854E14D46E4300B007CA /* en */,
			);
			name = Credits.rtf;
			sourceTree = "<group>";
		};
		F485855314D46E4300B007CA /* MainMenu.xib */ = {
			isa = PBXVariantGroup;
			children = (
				F485855414D46E4300B007CA /* en */,
			);
			name = MainMenu.xib;
			sourceTree = "<group>";
		};
/* End PBXVariantGroup section */

/* Begin XCBuildConfiguration section */
		F430C25214DEF3DC0026CBDB /* Debug */ = {
			isa = XCBuildConfiguration;
			buildSettings = {
				CLANG_ENABLE_OBJC_ARC = YES;
				GCC_PRECOMPILE_PREFIX_HEADER = YES;
				GCC_PREFIX_HEADER = "";
				PRODUCT_NAME = "$(TARGET_NAME)";
			};
			name = Debug;
		};
		F430C25314DEF3DC0026CBDB /* Release */ = {
			isa = XCBuildConfiguration;
			buildSettings = {
				CLANG_ENABLE_OBJC_ARC = YES;
				GCC_PRECOMPILE_PREFIX_HEADER = YES;
				GCC_PREFIX_HEADER = "";
				PRODUCT_NAME = "$(TARGET_NAME)";
			};
			name = Release;
		};
		F47B451C1EE5768200D79DFF /* Debug */ = {
			isa = XCBuildConfiguration;
			buildSettings = {
				CLANG_ANALYZER_NONNULL = YES;
				CLANG_ANALYZER_NUMBER_OBJECT_CONVERSION = YES_AGGRESSIVE;
				CLANG_CXX_LANGUAGE_STANDARD = "gnu++0x";
				CLANG_CXX_LIBRARY = "libc++";
				CLANG_ENABLE_MODULES = YES;
				CLANG_ENABLE_OBJC_ARC = YES;
				CLANG_WARN_DIRECT_OBJC_ISA_USAGE = YES_ERROR;
				CLANG_WARN_DOCUMENTATION_COMMENTS = YES;
				CLANG_WARN_OBJC_ROOT_CLASS = YES_ERROR;
				CODE_SIGN_IDENTITY = "-";
				DEBUG_INFORMATION_FORMAT = dwarf;
				ENABLE_TESTABILITY = YES;
				GCC_WARN_ABOUT_RETURN_TYPE = YES_ERROR;
				GCC_WARN_UNINITIALIZED_AUTOS = YES_AGGRESSIVE;
				MACOSX_DEPLOYMENT_TARGET = 10.12;
				MTL_ENABLE_DEBUG_INFO = YES;
				PRODUCT_NAME = "$(TARGET_NAME)";
			};
			name = Debug;
		};
		F47B451D1EE5768200D79DFF /* Release */ = {
			isa = XCBuildConfiguration;
			buildSettings = {
				CLANG_ANALYZER_NONNULL = YES;
				CLANG_ANALYZER_NUMBER_OBJECT_CONVERSION = YES_AGGRESSIVE;
				CLANG_CXX_LANGUAGE_STANDARD = "gnu++0x";
				CLANG_CXX_LIBRARY = "libc++";
				CLANG_ENABLE_MODULES = YES;
				CLANG_ENABLE_OBJC_ARC = YES;
				CLANG_WARN_DIRECT_OBJC_ISA_USAGE = YES_ERROR;
				CLANG_WARN_DOCUMENTATION_COMMENTS = YES;
				CLANG_WARN_OBJC_ROOT_CLASS = YES_ERROR;
				CODE_SIGN_IDENTITY = "-";
				COPY_PHASE_STRIP = NO;
				ENABLE_NS_ASSERTIONS = NO;
				GCC_WARN_ABOUT_RETURN_TYPE = YES_ERROR;
				GCC_WARN_UNINITIALIZED_AUTOS = YES_AGGRESSIVE;
				MACOSX_DEPLOYMENT_TARGET = 10.12;
				MTL_ENABLE_DEBUG_INFO = NO;
				PRODUCT_NAME = "$(TARGET_NAME)";
			};
			name = Release;
		};
		F47B5ED21EC8A10000AC2DEA /* Debug */ = {
			isa = XCBuildConfiguration;
			buildSettings = {
				CLANG_ANALYZER_NONNULL = YES;
				CLANG_ANALYZER_NUMBER_OBJECT_CONVERSION = YES_AGGRESSIVE;
				CLANG_CXX_LANGUAGE_STANDARD = "gnu++0x";
				CLANG_CXX_LIBRARY = "libc++";
				CLANG_ENABLE_MODULES = YES;
				CLANG_ENABLE_OBJC_ARC = YES;
				CLANG_WARN_DIRECT_OBJC_ISA_USAGE = YES_ERROR;
				CLANG_WARN_DOCUMENTATION_COMMENTS = YES;
				CLANG_WARN_OBJC_ROOT_CLASS = YES_ERROR;
				CODE_SIGN_IDENTITY = "-";
				DEBUG_INFORMATION_FORMAT = dwarf;
				ENABLE_TESTABILITY = YES;
				GCC_WARN_ABOUT_RETURN_TYPE = YES_ERROR;
				GCC_WARN_UNINITIALIZED_AUTOS = YES_AGGRESSIVE;
				MACOSX_DEPLOYMENT_TARGET = 10.12;
				MTL_ENABLE_DEBUG_INFO = YES;
				PRODUCT_NAME = "$(TARGET_NAME)";
			};
			name = Debug;
		};
		F47B5ED31EC8A10000AC2DEA /* Release */ = {
			isa = XCBuildConfiguration;
			buildSettings = {
				CLANG_ANALYZER_NONNULL = YES;
				CLANG_ANALYZER_NUMBER_OBJECT_CONVERSION = YES_AGGRESSIVE;
				CLANG_CXX_LANGUAGE_STANDARD = "gnu++0x";
				CLANG_CXX_LIBRARY = "libc++";
				CLANG_ENABLE_MODULES = YES;
				CLANG_ENABLE_OBJC_ARC = YES;
				CLANG_WARN_DIRECT_OBJC_ISA_USAGE = YES_ERROR;
				CLANG_WARN_DOCUMENTATION_COMMENTS = YES;
				CLANG_WARN_OBJC_ROOT_CLASS = YES_ERROR;
				CODE_SIGN_IDENTITY = "-";
				COPY_PHASE_STRIP = NO;
				ENABLE_NS_ASSERTIONS = NO;
				GCC_WARN_ABOUT_RETURN_TYPE = YES_ERROR;
				GCC_WARN_UNINITIALIZED_AUTOS = YES_AGGRESSIVE;
				MACOSX_DEPLOYMENT_TARGET = 10.12;
				MTL_ENABLE_DEBUG_INFO = NO;
				PRODUCT_NAME = "$(TARGET_NAME)";
			};
			name = Release;
		};
		F47B5EEF1EC8ACC800AC2DEA /* Debug */ = {
			isa = XCBuildConfiguration;
			buildSettings = {
				CLANG_ANALYZER_NONNULL = YES;
				CLANG_ANALYZER_NUMBER_OBJECT_CONVERSION = YES_AGGRESSIVE;
				CLANG_CXX_LANGUAGE_STANDARD = "gnu++0x";
				CLANG_CXX_LIBRARY = "libc++";
				CLANG_ENABLE_MODULES = YES;
				CLANG_ENABLE_OBJC_ARC = YES;
				CLANG_WARN_DIRECT_OBJC_ISA_USAGE = YES_ERROR;
				CLANG_WARN_DOCUMENTATION_COMMENTS = YES;
				CLANG_WARN_OBJC_ROOT_CLASS = YES_ERROR;
				CODE_SIGN_IDENTITY = "-";
				DEBUG_INFORMATION_FORMAT = dwarf;
				ENABLE_TESTABILITY = YES;
				GCC_WARN_ABOUT_RETURN_TYPE = YES_ERROR;
				GCC_WARN_UNINITIALIZED_AUTOS = YES_AGGRESSIVE;
				MACOSX_DEPLOYMENT_TARGET = 10.12;
				MTL_ENABLE_DEBUG_INFO = YES;
				PRODUCT_NAME = "$(TARGET_NAME)";
			};
			name = Debug;
		};
		F47B5EF01EC8ACC800AC2DEA /* Release */ = {
			isa = XCBuildConfiguration;
			buildSettings = {
				CLANG_ANALYZER_NONNULL = YES;
				CLANG_ANALYZER_NUMBER_OBJECT_CONVERSION = YES_AGGRESSIVE;
				CLANG_CXX_LANGUAGE_STANDARD = "gnu++0x";
				CLANG_CXX_LIBRARY = "libc++";
				CLANG_ENABLE_MODULES = YES;
				CLANG_ENABLE_OBJC_ARC = YES;
				CLANG_WARN_DIRECT_OBJC_ISA_USAGE = YES_ERROR;
				CLANG_WARN_DOCUMENTATION_COMMENTS = YES;
				CLANG_WARN_OBJC_ROOT_CLASS = YES_ERROR;
				CODE_SIGN_IDENTITY = "-";
				COPY_PHASE_STRIP = NO;
				ENABLE_NS_ASSERTIONS = NO;
				GCC_WARN_ABOUT_RETURN_TYPE = YES_ERROR;
				GCC_WARN_UNINITIALIZED_AUTOS = YES_AGGRESSIVE;
				MACOSX_DEPLOYMENT_TARGET = 10.12;
				MTL_ENABLE_DEBUG_INFO = NO;
				PRODUCT_NAME = "$(TARGET_NAME)";
			};
			name = Release;
		};
		F485855614D46E4300B007CA /* Debug */ = {
			isa = XCBuildConfiguration;
			buildSettings = {
				ALWAYS_SEARCH_USER_PATHS = NO;
				CLANG_WARN_BOOL_CONVERSION = YES;
				CLANG_WARN_CONSTANT_CONVERSION = YES;
				CLANG_WARN_EMPTY_BODY = YES;
				CLANG_WARN_ENUM_CONVERSION = YES;
				CLANG_WARN_INFINITE_RECURSION = YES;
				CLANG_WARN_INT_CONVERSION = YES;
				CLANG_WARN_SUSPICIOUS_MOVE = YES;
				CLANG_WARN_UNREACHABLE_CODE = YES;
				CLANG_WARN__DUPLICATE_METHOD_MATCH = YES;
				COPY_PHASE_STRIP = NO;
				ENABLE_STRICT_OBJC_MSGSEND = YES;
				GCC_C_LANGUAGE_STANDARD = gnu99;
				GCC_DYNAMIC_NO_PIC = NO;
				GCC_ENABLE_OBJC_EXCEPTIONS = YES;
				GCC_NO_COMMON_BLOCKS = YES;
				GCC_OPTIMIZATION_LEVEL = 0;
				GCC_PREPROCESSOR_DEFINITIONS = (
					"DEBUG=1",
					"$(inherited)",
				);
				GCC_SYMBOLS_PRIVATE_EXTERN = NO;
				GCC_VERSION = com.apple.compilers.llvm.clang.1_0;
				GCC_WARN_64_TO_32_BIT_CONVERSION = YES;
				GCC_WARN_ABOUT_MISSING_PROTOTYPES = YES;
				GCC_WARN_ABOUT_RETURN_TYPE = YES;
				GCC_WARN_UNDECLARED_SELECTOR = YES;
				GCC_WARN_UNINITIALIZED_AUTOS = YES;
				GCC_WARN_UNUSED_FUNCTION = YES;
				GCC_WARN_UNUSED_VARIABLE = YES;
				MACOSX_DEPLOYMENT_TARGET = 10.7;
				ONLY_ACTIVE_ARCH = YES;
				SDKROOT = macosx;
				SHARED_PRECOMPS_DIR = "";
			};
			name = Debug;
		};
		F485855714D46E4300B007CA /* Release */ = {
			isa = XCBuildConfiguration;
			buildSettings = {
				ALWAYS_SEARCH_USER_PATHS = NO;
				CLANG_WARN_BOOL_CONVERSION = YES;
				CLANG_WARN_CONSTANT_CONVERSION = YES;
				CLANG_WARN_EMPTY_BODY = YES;
				CLANG_WARN_ENUM_CONVERSION = YES;
				CLANG_WARN_INFINITE_RECURSION = YES;
				CLANG_WARN_INT_CONVERSION = YES;
				CLANG_WARN_SUSPICIOUS_MOVE = YES;
				CLANG_WARN_UNREACHABLE_CODE = YES;
				CLANG_WARN__DUPLICATE_METHOD_MATCH = YES;
				COPY_PHASE_STRIP = YES;
				DEBUG_INFORMATION_FORMAT = "dwarf-with-dsym";
				ENABLE_STRICT_OBJC_MSGSEND = YES;
				GCC_C_LANGUAGE_STANDARD = gnu99;
				GCC_ENABLE_OBJC_EXCEPTIONS = YES;
				GCC_NO_COMMON_BLOCKS = YES;
				GCC_VERSION = com.apple.compilers.llvm.clang.1_0;
				GCC_WARN_64_TO_32_BIT_CONVERSION = YES;
				GCC_WARN_ABOUT_MISSING_PROTOTYPES = YES;
				GCC_WARN_ABOUT_RETURN_TYPE = YES;
				GCC_WARN_UNDECLARED_SELECTOR = YES;
				GCC_WARN_UNINITIALIZED_AUTOS = YES;
				GCC_WARN_UNUSED_FUNCTION = YES;
				GCC_WARN_UNUSED_VARIABLE = YES;
				MACOSX_DEPLOYMENT_TARGET = 10.7;
				SDKROOT = macosx;
				SHARED_PRECOMPS_DIR = "";
			};
			name = Release;
		};
		F485855914D46E4300B007CA /* Debug */ = {
			isa = XCBuildConfiguration;
			buildSettings = {
				ASSETCATALOG_COMPILER_APPICON_NAME = AppIcon;
				CLANG_ENABLE_OBJC_ARC = YES;
				COMBINE_HIDPI_IMAGES = YES;
				GCC_PRECOMPILE_PREFIX_HEADER = NO;
				GCC_PREFIX_HEADER = "";
				INFOPLIST_FILE = "SnapDart/SnapDart-Info.plist";
				MACOSX_DEPLOYMENT_TARGET = 10.8;
				PRODUCT_BUNDLE_IDENTIFIER = "org.sveinbjorn.${PRODUCT_NAME:rfc1034identifier}";
				PRODUCT_NAME = "$(TARGET_NAME)";
				WRAPPER_EXTENSION = app;
			};
			name = Debug;
		};
		F485855A14D46E4300B007CA /* Release */ = {
			isa = XCBuildConfiguration;
			buildSettings = {
				ASSETCATALOG_COMPILER_APPICON_NAME = AppIcon;
				CLANG_ENABLE_OBJC_ARC = YES;
				COMBINE_HIDPI_IMAGES = YES;
				GCC_PRECOMPILE_PREFIX_HEADER = NO;
				GCC_PREFIX_HEADER = "";
				INFOPLIST_FILE = "SnapDart/SnapDart-Info.plist";
				MACOSX_DEPLOYMENT_TARGET = 10.8;
				PRODUCT_BUNDLE_IDENTIFIER = "org.sveinbjorn.${PRODUCT_NAME:rfc1034identifier}";
				PRODUCT_NAME = "$(TARGET_NAME)";
				WRAPPER_EXTENSION = app;
			};
			name = Release;
		};
		F4C0FD641EC9023F004439EF /* Debug */ = {
			isa = XCBuildConfiguration;
			buildSettings = {
				CLANG_ANALYZER_NONNULL = YES;
				CLANG_ANALYZER_NUMBER_OBJECT_CONVERSION = YES_AGGRESSIVE;
				CLANG_CXX_LANGUAGE_STANDARD = "gnu++0x";
				CLANG_CXX_LIBRARY = "libc++";
				CLANG_ENABLE_MODULES = YES;
				CLANG_ENABLE_OBJC_ARC = YES;
				CLANG_WARN_DIRECT_OBJC_ISA_USAGE = YES_ERROR;
				CLANG_WARN_DOCUMENTATION_COMMENTS = YES;
				CLANG_WARN_OBJC_ROOT_CLASS = YES_ERROR;
				CODE_SIGN_IDENTITY = "-";
				DEBUG_INFORMATION_FORMAT = dwarf;
				ENABLE_TESTABILITY = YES;
				GCC_WARN_ABOUT_RETURN_TYPE = YES_ERROR;
				GCC_WARN_UNINITIALIZED_AUTOS = YES_AGGRESSIVE;
				MACOSX_DEPLOYMENT_TARGET = 10.12;
				MTL_ENABLE_DEBUG_INFO = YES;
				PRODUCT_NAME = "$(TARGET_NAME)";
			};
			name = Debug;
		};
		F4C0FD651EC9023F004439EF /* Release */ = {
			isa = XCBuildConfiguration;
			buildSettings = {
				CLANG_ANALYZER_NONNULL = YES;
				CLANG_ANALYZER_NUMBER_OBJECT_CONVERSION = YES_AGGRESSIVE;
				CLANG_CXX_LANGUAGE_STANDARD = "gnu++0x";
				CLANG_CXX_LIBRARY = "libc++";
				CLANG_ENABLE_MODULES = YES;
				CLANG_ENABLE_OBJC_ARC = YES;
				CLANG_WARN_DIRECT_OBJC_ISA_USAGE = YES_ERROR;
				CLANG_WARN_DOCUMENTATION_COMMENTS = YES;
				CLANG_WARN_OBJC_ROOT_CLASS = YES_ERROR;
				CODE_SIGN_IDENTITY = "-";
				COPY_PHASE_STRIP = NO;
				ENABLE_NS_ASSERTIONS = NO;
				GCC_WARN_ABOUT_RETURN_TYPE = YES_ERROR;
				GCC_WARN_UNINITIALIZED_AUTOS = YES_AGGRESSIVE;
				MACOSX_DEPLOYMENT_TARGET = 10.12;
				MTL_ENABLE_DEBUG_INFO = NO;
				PRODUCT_NAME = "$(TARGET_NAME)";
			};
			name = Release;
		};
		F4C0FD701EC909A1004439EF /* Debug */ = {
			isa = XCBuildConfiguration;
			buildSettings = {
				CLANG_ANALYZER_NONNULL = YES;
				CLANG_ANALYZER_NUMBER_OBJECT_CONVERSION = YES_AGGRESSIVE;
				CLANG_CXX_LANGUAGE_STANDARD = "gnu++0x";
				CLANG_CXX_LIBRARY = "libc++";
				CLANG_ENABLE_MODULES = YES;
				CLANG_ENABLE_OBJC_ARC = YES;
				CLANG_WARN_DIRECT_OBJC_ISA_USAGE = YES_ERROR;
				CLANG_WARN_DOCUMENTATION_COMMENTS = YES;
				CLANG_WARN_OBJC_ROOT_CLASS = YES_ERROR;
				CODE_SIGN_IDENTITY = "-";
				DEBUG_INFORMATION_FORMAT = dwarf;
				ENABLE_TESTABILITY = YES;
				GCC_WARN_ABOUT_RETURN_TYPE = YES_ERROR;
				GCC_WARN_UNINITIALIZED_AUTOS = YES_AGGRESSIVE;
				MACOSX_DEPLOYMENT_TARGET = 10.12;
				MTL_ENABLE_DEBUG_INFO = YES;
				PRODUCT_NAME = "$(TARGET_NAME)";
			};
			name = Debug;
		};
		F4C0FD711EC909A1004439EF /* Release */ = {
			isa = XCBuildConfiguration;
			buildSettings = {
				CLANG_ANALYZER_NONNULL = YES;
				CLANG_ANALYZER_NUMBER_OBJECT_CONVERSION = YES_AGGRESSIVE;
				CLANG_CXX_LANGUAGE_STANDARD = "gnu++0x";
				CLANG_CXX_LIBRARY = "libc++";
				CLANG_ENABLE_MODULES = YES;
				CLANG_ENABLE_OBJC_ARC = YES;
				CLANG_WARN_DIRECT_OBJC_ISA_USAGE = YES_ERROR;
				CLANG_WARN_DOCUMENTATION_COMMENTS = YES;
				CLANG_WARN_OBJC_ROOT_CLASS = YES_ERROR;
				CODE_SIGN_IDENTITY = "-";
				COPY_PHASE_STRIP = NO;
				ENABLE_NS_ASSERTIONS = NO;
				GCC_WARN_ABOUT_RETURN_TYPE = YES_ERROR;
				GCC_WARN_UNINITIALIZED_AUTOS = YES_AGGRESSIVE;
				MACOSX_DEPLOYMENT_TARGET = 10.12;
				MTL_ENABLE_DEBUG_INFO = NO;
				PRODUCT_NAME = "$(TARGET_NAME)";
			};
			name = Release;
		};
		F4C0FD811EC9CC48004439EF /* Debug */ = {
			isa = XCBuildConfiguration;
			buildSettings = {
				CLANG_ANALYZER_NONNULL = YES;
				CLANG_ANALYZER_NUMBER_OBJECT_CONVERSION = YES_AGGRESSIVE;
				CLANG_CXX_LANGUAGE_STANDARD = "gnu++0x";
				CLANG_CXX_LIBRARY = "libc++";
				CLANG_ENABLE_MODULES = YES;
				CLANG_ENABLE_OBJC_ARC = YES;
				CLANG_WARN_DIRECT_OBJC_ISA_USAGE = YES_ERROR;
				CLANG_WARN_DOCUMENTATION_COMMENTS = YES;
				CLANG_WARN_OBJC_ROOT_CLASS = YES_ERROR;
				CODE_SIGN_IDENTITY = "-";
				DEBUG_INFORMATION_FORMAT = dwarf;
				ENABLE_TESTABILITY = YES;
				GCC_WARN_ABOUT_RETURN_TYPE = YES_ERROR;
				GCC_WARN_UNINITIALIZED_AUTOS = YES_AGGRESSIVE;
				MACOSX_DEPLOYMENT_TARGET = 10.12;
				MTL_ENABLE_DEBUG_INFO = YES;
				PRODUCT_NAME = "$(TARGET_NAME)";
			};
			name = Debug;
		};
		F4C0FD821EC9CC48004439EF /* Release */ = {
			isa = XCBuildConfiguration;
			buildSettings = {
				CLANG_ANALYZER_NONNULL = YES;
				CLANG_ANALYZER_NUMBER_OBJECT_CONVERSION = YES_AGGRESSIVE;
				CLANG_CXX_LANGUAGE_STANDARD = "gnu++0x";
				CLANG_CXX_LIBRARY = "libc++";
				CLANG_ENABLE_MODULES = YES;
				CLANG_ENABLE_OBJC_ARC = YES;
				CLANG_WARN_DIRECT_OBJC_ISA_USAGE = YES_ERROR;
				CLANG_WARN_DOCUMENTATION_COMMENTS = YES;
				CLANG_WARN_OBJC_ROOT_CLASS = YES_ERROR;
				CODE_SIGN_IDENTITY = "-";
				COPY_PHASE_STRIP = NO;
				ENABLE_NS_ASSERTIONS = NO;
				GCC_WARN_ABOUT_RETURN_TYPE = YES_ERROR;
				GCC_WARN_UNINITIALIZED_AUTOS = YES_AGGRESSIVE;
				MACOSX_DEPLOYMENT_TARGET = 10.12;
				MTL_ENABLE_DEBUG_INFO = NO;
				PRODUCT_NAME = "$(TARGET_NAME)";
			};
			name = Release;
		};
/* End XCBuildConfiguration section */

/* Begin XCConfigurationList section */
		F430C25414DEF3DC0026CBDB /* Build configuration list for PBXNativeTarget "snap" */ = {
			isa = XCConfigurationList;
			buildConfigurations = (
				F430C25214DEF3DC0026CBDB /* Debug */,
				F430C25314DEF3DC0026CBDB /* Release */,
			);
			defaultConfigurationIsVisible = 0;
			defaultConfigurationName = Release;
		};
		F47B451E1EE5768200D79DFF /* Build configuration list for PBXNativeTarget "trash" */ = {
			isa = XCConfigurationList;
			buildConfigurations = (
				F47B451C1EE5768200D79DFF /* Debug */,
				F47B451D1EE5768200D79DFF /* Release */,
			);
			defaultConfigurationIsVisible = 0;
		};
		F47B5ED11EC8A10000AC2DEA /* Build configuration list for PBXNativeTarget "copy" */ = {
			isa = XCConfigurationList;
			buildConfigurations = (
				F47B5ED21EC8A10000AC2DEA /* Debug */,
				F47B5ED31EC8A10000AC2DEA /* Release */,
			);
			defaultConfigurationIsVisible = 0;
			defaultConfigurationName = Release;
		};
		F47B5EEE1EC8ACC800AC2DEA /* Build configuration list for PBXNativeTarget "show" */ = {
			isa = XCConfigurationList;
			buildConfigurations = (
				F47B5EEF1EC8ACC800AC2DEA /* Debug */,
				F47B5EF01EC8ACC800AC2DEA /* Release */,
			);
			defaultConfigurationIsVisible = 0;
			defaultConfigurationName = Release;
		};
		F485853414D46E4300B007CA /* Build configuration list for PBXProject "SnapDart" */ = {
			isa = XCConfigurationList;
			buildConfigurations = (
				F485855614D46E4300B007CA /* Debug */,
				F485855714D46E4300B007CA /* Release */,
			);
			defaultConfigurationIsVisible = 0;
			defaultConfigurationName = Release;
		};
		F485855814D46E4300B007CA /* Build configuration list for PBXNativeTarget "SnapDart" */ = {
			isa = XCConfigurationList;
			buildConfigurations = (
				F485855914D46E4300B007CA /* Debug */,
				F485855A14D46E4300B007CA /* Release */,
			);
			defaultConfigurationIsVisible = 0;
			defaultConfigurationName = Release;
		};
		F4C0FD631EC9023F004439EF /* Build configuration list for PBXNativeTarget "paths" */ = {
			isa = XCConfigurationList;
			buildConfigurations = (
				F4C0FD641EC9023F004439EF /* Debug */,
				F4C0FD651EC9023F004439EF /* Release */,
			);
			defaultConfigurationIsVisible = 0;
			defaultConfigurationName = Release;
		};
		F4C0FD6F1EC909A1004439EF /* Build configuration list for PBXNativeTarget "label" */ = {
			isa = XCConfigurationList;
			buildConfigurations = (
				F4C0FD701EC909A1004439EF /* Debug */,
				F4C0FD711EC909A1004439EF /* Release */,
			);
			defaultConfigurationIsVisible = 0;
			defaultConfigurationName = Release;
		};
		F4C0FD801EC9CC48004439EF /* Build configuration list for PBXNativeTarget "getinfo" */ = {
			isa = XCConfigurationList;
			buildConfigurations = (
				F4C0FD811EC9CC48004439EF /* Debug */,
				F4C0FD821EC9CC48004439EF /* Release */,
			);
			defaultConfigurationIsVisible = 0;
			defaultConfigurationName = Release;
		};
/* End XCConfigurationList section */
	};
	rootObject = F485853114D46E4300B007CA /* Project object */;
}
