// !$*UTF8*$!
{
	archiveVersion = 1;
	classes = {
	};
	objectVersion = 46;
	objects = {

/* Begin PBXBuildFile section */
		F42730901EAFA3D400F3F7A5 /* Cocoa.framework in Frameworks */ = {isa = PBXBuildFile; fileRef = F485853E14D46E4300B007CA /* Cocoa.framework */; };
		F430C24A14DEF3DC0026CBDB /* Foundation.framework in Frameworks */ = {isa = PBXBuildFile; fileRef = F430C24914DEF3DC0026CBDB /* Foundation.framework */; };
		F430C24D14DEF3DC0026CBDB /* snap.m in Sources */ = {isa = PBXBuildFile; fileRef = F430C24C14DEF3DC0026CBDB /* snap.m */; };
		F485853F14D46E4300B007CA /* Cocoa.framework in Frameworks */ = {isa = PBXBuildFile; fileRef = F485853E14D46E4300B007CA /* Cocoa.framework */; };
		F485854B14D46E4300B007CA /* main.m in Sources */ = {isa = PBXBuildFile; fileRef = F485854A14D46E4300B007CA /* main.m */; };
		F485854F14D46E4300B007CA /* Credits.rtf in Resources */ = {isa = PBXBuildFile; fileRef = F485854D14D46E4300B007CA /* Credits.rtf */; };
		F485855214D46E4300B007CA /* SnapDartAppDelegate.m in Sources */ = {isa = PBXBuildFile; fileRef = F485855114D46E4300B007CA /* SnapDartAppDelegate.m */; };
		F485855514D46E4300B007CA /* MainMenu.xib in Resources */ = {isa = PBXBuildFile; fileRef = F485855314D46E4300B007CA /* MainMenu.xib */; };
		F485855F14D46E8200B007CA /* SnapWindowController.m in Sources */ = {isa = PBXBuildFile; fileRef = F485855C14D46E8200B007CA /* SnapWindowController.m */; };
		F485857014D470A200B007CA /* Defaults.plist in Resources */ = {isa = PBXBuildFile; fileRef = F485856F14D470A200B007CA /* Defaults.plist */; };
		F485858914D4CD1600B007CA /* SnapItem.m in Sources */ = {isa = PBXBuildFile; fileRef = F485858814D4CD1600B007CA /* SnapItem.m */; };
		F4F118751EBE0E5F00E99B9A /* snap in Copy Command Line Tool */ = {isa = PBXBuildFile; fileRef = F430C24714DEF3DC0026CBDB /* snap */; settings = {ATTRIBUTES = (CodeSignOnCopy, ); }; };
		F4F118791EBE151700E99B9A /* Images.xcassets in Resources */ = {isa = PBXBuildFile; fileRef = F4F118781EBE151700E99B9A /* Images.xcassets */; };
		F4F118821EBF431E00E99B9A /* SnapWindow.xib in Resources */ = {isa = PBXBuildFile; fileRef = F4F118811EBF431E00E99B9A /* SnapWindow.xib */; };
		F4F1188F1EBF69F400E99B9A /* PathParser.m in Sources */ = {isa = PBXBuildFile; fileRef = F4F1188E1EBF69F400E99B9A /* PathParser.m */; };
		F4F118901EBF69F400E99B9A /* PathParser.m in Sources */ = {isa = PBXBuildFile; fileRef = F4F1188E1EBF69F400E99B9A /* PathParser.m */; };
		F4F118981EBF6DBA00E99B9A /* CmdWindowController.m in Sources */ = {isa = PBXBuildFile; fileRef = F4F118961EBF6DBA00E99B9A /* CmdWindowController.m */; };
		F4F118991EBF6DBA00E99B9A /* CmdWindow.xib in Resources */ = {isa = PBXBuildFile; fileRef = F4F118971EBF6DBA00E99B9A /* CmdWindow.xib */; };
		F4F1189C1EBF724E00E99B9A /* NSWorkspace+Additions.m in Sources */ = {isa = PBXBuildFile; fileRef = F4F1189B1EBF724E00E99B9A /* NSWorkspace+Additions.m */; };
		F4F118A31EBF79AB00E99B9A /* NSFileManager+FileOrFolderSize.m in Sources */ = {isa = PBXBuildFile; fileRef = F4F1189E1EBF79AB00E99B9A /* NSFileManager+FileOrFolderSize.m */; };
		F4F118A41EBF79AB00E99B9A /* NSString+CarbonFSRefCreation.m in Sources */ = {isa = PBXBuildFile; fileRef = F4F118A01EBF79AB00E99B9A /* NSString+CarbonFSRefCreation.m */; };
		F4F118B21EBF9CA700E99B9A /* snap.man.html in Resources */ = {isa = PBXBuildFile; fileRef = F4F118B11EBF9CA700E99B9A /* snap.man.html */; };
		F4F118B51EBFCB7500E99B9A /* Alerts.m in Sources */ = {isa = PBXBuildFile; fileRef = F4F118B41EBFCB7500E99B9A /* Alerts.m */; };
		F4F118B81EBFDFC700E99B9A /* SnapHistory.m in Sources */ = {isa = PBXBuildFile; fileRef = F4F118B71EBFDFC700E99B9A /* SnapHistory.m */; };
		F4F118B91EBFDFC700E99B9A /* SnapHistory.m in Sources */ = {isa = PBXBuildFile; fileRef = F4F118B71EBFDFC700E99B9A /* SnapHistory.m */; };
/* End PBXBuildFile section */

/* Begin PBXContainerItemProxy section */
		F4F118761EBE0E8200E99B9A /* PBXContainerItemProxy */ = {
			isa = PBXContainerItemProxy;
			containerPortal = F485853114D46E4300B007CA /* Project object */;
			proxyType = 1;
			remoteGlobalIDString = F430C24614DEF3DC0026CBDB;
			remoteInfo = snap;
		};
/* End PBXContainerItemProxy section */

/* Begin PBXCopyFilesBuildPhase section */
		F4F118741EBE0E5600E99B9A /* Copy Command Line Tool */ = {
			isa = PBXCopyFilesBuildPhase;
			buildActionMask = 2147483647;
			dstPath = "";
			dstSubfolderSpec = 7;
			files = (
				F4F118751EBE0E5F00E99B9A /* snap in Copy Command Line Tool */,
			);
			name = "Copy Command Line Tool";
			runOnlyForDeploymentPostprocessing = 0;
		};
/* End PBXCopyFilesBuildPhase section */

/* Begin PBXFileReference section */
		F430C24714DEF3DC0026CBDB /* snap */ = {isa = PBXFileReference; explicitFileType = "compiled.mach-o.executable"; includeInIndex = 0; path = snap; sourceTree = BUILT_PRODUCTS_DIR; };
		F430C24914DEF3DC0026CBDB /* Foundation.framework */ = {isa = PBXFileReference; lastKnownFileType = wrapper.framework; name = Foundation.framework; path = System/Library/Frameworks/Foundation.framework; sourceTree = SDKROOT; };
		F430C24C14DEF3DC0026CBDB /* snap.m */ = {isa = PBXFileReference; lastKnownFileType = sourcecode.c.objc; path = snap.m; sourceTree = "<group>"; };
		F467F38914D5A24100246ABB /* Common.h */ = {isa = PBXFileReference; fileEncoding = 4; lastKnownFileType = sourcecode.c.h; name = Common.h; path = SnapDart/Common.h; sourceTree = "<group>"; };
		F485853A14D46E4300B007CA /* SnapDart.app */ = {isa = PBXFileReference; explicitFileType = wrapper.application; includeInIndex = 0; path = SnapDart.app; sourceTree = BUILT_PRODUCTS_DIR; };
		F485853E14D46E4300B007CA /* Cocoa.framework */ = {isa = PBXFileReference; lastKnownFileType = wrapper.framework; name = Cocoa.framework; path = System/Library/Frameworks/Cocoa.framework; sourceTree = SDKROOT; };
		F485854614D46E4300B007CA /* SnapDart-Info.plist */ = {isa = PBXFileReference; lastKnownFileType = text.plist.xml; path = "SnapDart-Info.plist"; sourceTree = "<group>"; };
		F485854A14D46E4300B007CA /* main.m */ = {isa = PBXFileReference; lastKnownFileType = sourcecode.c.objc; path = main.m; sourceTree = "<group>"; };
		F485854E14D46E4300B007CA /* en */ = {isa = PBXFileReference; lastKnownFileType = text.rtf; name = en; path = en.lproj/Credits.rtf; sourceTree = "<group>"; };
		F485855014D46E4300B007CA /* SnapDartAppDelegate.h */ = {isa = PBXFileReference; lastKnownFileType = sourcecode.c.h; path = SnapDartAppDelegate.h; sourceTree = "<group>"; };
		F485855114D46E4300B007CA /* SnapDartAppDelegate.m */ = {isa = PBXFileReference; lastKnownFileType = sourcecode.c.objc; path = SnapDartAppDelegate.m; sourceTree = "<group>"; };
		F485855414D46E4300B007CA /* en */ = {isa = PBXFileReference; lastKnownFileType = file.xib; name = en; path = en.lproj/MainMenu.xib; sourceTree = "<group>"; };
		F485855B14D46E8200B007CA /* SnapWindowController.h */ = {isa = PBXFileReference; fileEncoding = 4; lastKnownFileType = sourcecode.c.h; path = SnapWindowController.h; sourceTree = "<group>"; };
		F485855C14D46E8200B007CA /* SnapWindowController.m */ = {isa = PBXFileReference; fileEncoding = 4; lastKnownFileType = sourcecode.c.objc; path = SnapWindowController.m; sourceTree = "<group>"; };
		F485856F14D470A200B007CA /* Defaults.plist */ = {isa = PBXFileReference; lastKnownFileType = file.bplist; path = Defaults.plist; sourceTree = "<group>"; };
		F485858714D4CD1500B007CA /* SnapItem.h */ = {isa = PBXFileReference; fileEncoding = 4; lastKnownFileType = sourcecode.c.h; path = SnapItem.h; sourceTree = "<group>"; };
		F485858814D4CD1600B007CA /* SnapItem.m */ = {isa = PBXFileReference; fileEncoding = 4; lastKnownFileType = sourcecode.c.objc; path = SnapItem.m; sourceTree = "<group>"; };
		F4F118781EBE151700E99B9A /* Images.xcassets */ = {isa = PBXFileReference; lastKnownFileType = folder.assetcatalog; path = Images.xcassets; sourceTree = "<group>"; };
		F4F118811EBF431E00E99B9A /* SnapWindow.xib */ = {isa = PBXFileReference; fileEncoding = 4; lastKnownFileType = file.xib; path = SnapWindow.xib; sourceTree = "<group>"; };
		F4F118851EBF46FB00E99B9A /* dragon.ai */ = {isa = PBXFileReference; lastKnownFileType = text; path = dragon.ai; sourceTree = "<group>"; };
		F4F118871EBF46FB00E99B9A /* snap-icon.psd */ = {isa = PBXFileReference; lastKnownFileType = file; path = "snap-icon.psd"; sourceTree = "<group>"; };
		F4F118881EBF46FB00E99B9A /* status-menu-silhouette.psd */ = {isa = PBXFileReference; lastKnownFileType = file; path = "status-menu-silhouette.psd"; sourceTree = "<group>"; };
		F4F1188D1EBF69F400E99B9A /* PathParser.h */ = {isa = PBXFileReference; fileEncoding = 4; lastKnownFileType = sourcecode.c.h; path = PathParser.h; sourceTree = "<group>"; };
		F4F1188E1EBF69F400E99B9A /* PathParser.m */ = {isa = PBXFileReference; fileEncoding = 4; lastKnownFileType = sourcecode.c.objc; path = PathParser.m; sourceTree = "<group>"; };
		F4F118951EBF6DBA00E99B9A /* CmdWindowController.h */ = {isa = PBXFileReference; fileEncoding = 4; lastKnownFileType = sourcecode.c.h; path = CmdWindowController.h; sourceTree = "<group>"; };
		F4F118961EBF6DBA00E99B9A /* CmdWindowController.m */ = {isa = PBXFileReference; fileEncoding = 4; lastKnownFileType = sourcecode.c.objc; path = CmdWindowController.m; sourceTree = "<group>"; };
		F4F118971EBF6DBA00E99B9A /* CmdWindow.xib */ = {isa = PBXFileReference; fileEncoding = 4; lastKnownFileType = file.xib; path = CmdWindow.xib; sourceTree = "<group>"; };
		F4F1189A1EBF724E00E99B9A /* NSWorkspace+Additions.h */ = {isa = PBXFileReference; fileEncoding = 4; lastKnownFileType = sourcecode.c.h; path = "NSWorkspace+Additions.h"; sourceTree = "<group>"; };
		F4F1189B1EBF724E00E99B9A /* NSWorkspace+Additions.m */ = {isa = PBXFileReference; fileEncoding = 4; lastKnownFileType = sourcecode.c.objc; path = "NSWorkspace+Additions.m"; sourceTree = "<group>"; };
		F4F1189D1EBF79AB00E99B9A /* NSFileManager+FileOrFolderSize.h */ = {isa = PBXFileReference; fileEncoding = 4; lastKnownFileType = sourcecode.c.h; path = "NSFileManager+FileOrFolderSize.h"; sourceTree = "<group>"; };
		F4F1189E1EBF79AB00E99B9A /* NSFileManager+FileOrFolderSize.m */ = {isa = PBXFileReference; fileEncoding = 4; lastKnownFileType = sourcecode.c.objc; path = "NSFileManager+FileOrFolderSize.m"; sourceTree = "<group>"; };
		F4F1189F1EBF79AB00E99B9A /* NSString+CarbonFSRefCreation.h */ = {isa = PBXFileReference; fileEncoding = 4; lastKnownFileType = sourcecode.c.h; path = "NSString+CarbonFSRefCreation.h"; sourceTree = "<group>"; };
		F4F118A01EBF79AB00E99B9A /* NSString+CarbonFSRefCreation.m */ = {isa = PBXFileReference; fileEncoding = 4; lastKnownFileType = sourcecode.c.objc; path = "NSString+CarbonFSRefCreation.m"; sourceTree = "<group>"; };
		F4F118A11EBF79AB00E99B9A /* NSString+SymlinksAndAliases.h */ = {isa = PBXFileReference; fileEncoding = 4; lastKnownFileType = sourcecode.c.h; path = "NSString+SymlinksAndAliases.h"; sourceTree = "<group>"; };
		F4F118A21EBF79AB00E99B9A /* NSString+SymlinksAndAliases.m */ = {isa = PBXFileReference; fileEncoding = 4; lastKnownFileType = sourcecode.c.objc; path = "NSString+SymlinksAndAliases.m"; sourceTree = "<group>"; };
		F4F118A61EBF7EB800E99B9A /* README.md */ = {isa = PBXFileReference; lastKnownFileType = net.daringfireball.markdown; path = README.md; sourceTree = "<group>"; };
		F4F118AA1EBF9C0900E99B9A /* build_cat2html.sh */ = {isa = PBXFileReference; lastKnownFileType = text.script.sh; path = build_cat2html.sh; sourceTree = "<group>"; };
		F4F118AB1EBF9C0900E99B9A /* cat2html */ = {isa = PBXFileReference; lastKnownFileType = "compiled.mach-o.executable"; path = cat2html; sourceTree = "<group>"; };
		F4F118AC1EBF9C0900E99B9A /* cat2html.l */ = {isa = PBXFileReference; lastKnownFileType = sourcecode.lex; path = cat2html.l; sourceTree = "<group>"; };
		F4F118AD1EBF9C0900E99B9A /* make_man_html.sh */ = {isa = PBXFileReference; lastKnownFileType = text.script.sh; path = make_man_html.sh; sourceTree = "<group>"; };
		F4F118AE1EBF9C0900E99B9A /* snap.1 */ = {isa = PBXFileReference; lastKnownFileType = text.man; path = snap.1; sourceTree = "<group>"; };
		F4F118AF1EBF9C0900E99B9A /* update_website_docs.sh */ = {isa = PBXFileReference; lastKnownFileType = text.script.sh; path = update_website_docs.sh; sourceTree = "<group>"; };
		F4F118B11EBF9CA700E99B9A /* snap.man.html */ = {isa = PBXFileReference; fileEncoding = 4; lastKnownFileType = text.html; path = snap.man.html; sourceTree = "<group>"; };
		F4F118B31EBFCB7500E99B9A /* Alerts.h */ = {isa = PBXFileReference; fileEncoding = 4; lastKnownFileType = sourcecode.c.h; path = Alerts.h; sourceTree = "<group>"; };
		F4F118B41EBFCB7500E99B9A /* Alerts.m */ = {isa = PBXFileReference; fileEncoding = 4; lastKnownFileType = sourcecode.c.objc; path = Alerts.m; sourceTree = "<group>"; };
		F4F118B61EBFDFC700E99B9A /* SnapHistory.h */ = {isa = PBXFileReference; fileEncoding = 4; lastKnownFileType = sourcecode.c.h; path = SnapHistory.h; sourceTree = "<group>"; };
		F4F118B71EBFDFC700E99B9A /* SnapHistory.m */ = {isa = PBXFileReference; fileEncoding = 4; lastKnownFileType = sourcecode.c.objc; path = SnapHistory.m; sourceTree = "<group>"; };
/* End PBXFileReference section */

/* Begin PBXFrameworksBuildPhase section */
		F430C24414DEF3DC0026CBDB /* Frameworks */ = {
			isa = PBXFrameworksBuildPhase;
			buildActionMask = 2147483647;
			files = (
				F42730901EAFA3D400F3F7A5 /* Cocoa.framework in Frameworks */,
				F430C24A14DEF3DC0026CBDB /* Foundation.framework in Frameworks */,
			);
			runOnlyForDeploymentPostprocessing = 0;
		};
		F485853714D46E4300B007CA /* Frameworks */ = {
			isa = PBXFrameworksBuildPhase;
			buildActionMask = 2147483647;
			files = (
				F485853F14D46E4300B007CA /* Cocoa.framework in Frameworks */,
			);
			runOnlyForDeploymentPostprocessing = 0;
		};
/* End PBXFrameworksBuildPhase section */

/* Begin PBXGroup section */
		F430C24B14DEF3DC0026CBDB /* snap */ = {
			isa = PBXGroup;
			children = (
				F430C24C14DEF3DC0026CBDB /* snap.m */,
				F4F118A71EBF9C0900E99B9A /* man */,
			);
			path = snap;
			sourceTree = "<group>";
		};
		F485852F14D46E4300B007CA = {
			isa = PBXGroup;
			children = (
				F4F118A61EBF7EB800E99B9A /* README.md */,
				F467F38914D5A24100246ABB /* Common.h */,
				F4F118891EBF69A200E99B9A /* Programs */,
				F4F1188C1EBF69DD00E99B9A /* Shared */,
				F4F118841EBF46FB00E99B9A /* Assets */,
				F485853D14D46E4300B007CA /* Frameworks */,
				F485853B14D46E4300B007CA /* Products */,
			);
			sourceTree = "<group>";
		};
		F485853B14D46E4300B007CA /* Products */ = {
			isa = PBXGroup;
			children = (
				F485853A14D46E4300B007CA /* SnapDart.app */,
				F430C24714DEF3DC0026CBDB /* snap */,
			);
			name = Products;
			sourceTree = "<group>";
		};
		F485853D14D46E4300B007CA /* Frameworks */ = {
			isa = PBXGroup;
			children = (
				F485853E14D46E4300B007CA /* Cocoa.framework */,
				F430C24914DEF3DC0026CBDB /* Foundation.framework */,
			);
			name = Frameworks;
			sourceTree = "<group>";
		};
		F485854414D46E4300B007CA /* SnapDart App */ = {
			isa = PBXGroup;
			children = (
				F485854A14D46E4300B007CA /* main.m */,
				F485855014D46E4300B007CA /* SnapDartAppDelegate.h */,
				F485855114D46E4300B007CA /* SnapDartAppDelegate.m */,
				F485855B14D46E8200B007CA /* SnapWindowController.h */,
				F485855C14D46E8200B007CA /* SnapWindowController.m */,
				F4F118951EBF6DBA00E99B9A /* CmdWindowController.h */,
				F4F118961EBF6DBA00E99B9A /* CmdWindowController.m */,
				F485858714D4CD1500B007CA /* SnapItem.h */,
				F485858814D4CD1600B007CA /* SnapItem.m */,
				F485854514D46E4300B007CA /* Resources */,
			);
			name = "SnapDart App";
			path = SnapDart;
			sourceTree = "<group>";
		};
		F485854514D46E4300B007CA /* Resources */ = {
			isa = PBXGroup;
			children = (
				F4F118781EBE151700E99B9A /* Images.xcassets */,
				F485855314D46E4300B007CA /* MainMenu.xib */,
				F4F118971EBF6DBA00E99B9A /* CmdWindow.xib */,
				F4F118811EBF431E00E99B9A /* SnapWindow.xib */,
				F485856F14D470A200B007CA /* Defaults.plist */,
				F485854614D46E4300B007CA /* SnapDart-Info.plist */,
				F485854D14D46E4300B007CA /* Credits.rtf */,
			);
			name = Resources;
			sourceTree = "<group>";
		};
		F4F118841EBF46FB00E99B9A /* Assets */ = {
			isa = PBXGroup;
			children = (
				F4F118851EBF46FB00E99B9A /* dragon.ai */,
				F4F118871EBF46FB00E99B9A /* snap-icon.psd */,
				F4F118881EBF46FB00E99B9A /* status-menu-silhouette.psd */,
			);
			path = Assets;
			sourceTree = "<group>";
		};
		F4F118891EBF69A200E99B9A /* Programs */ = {
			isa = PBXGroup;
			children = (
				F485854414D46E4300B007CA /* SnapDart App */,
				F430C24B14DEF3DC0026CBDB /* snap */,
			);
			name = Programs;
			sourceTree = "<group>";
		};
		F4F1188C1EBF69DD00E99B9A /* Shared */ = {
			isa = PBXGroup;
			children = (
				F4F118B61EBFDFC700E99B9A /* SnapHistory.h */,
				F4F118B71EBFDFC700E99B9A /* SnapHistory.m */,
				F4F1188D1EBF69F400E99B9A /* PathParser.h */,
				F4F1188E1EBF69F400E99B9A /* PathParser.m */,
				F4F1189A1EBF724E00E99B9A /* NSWorkspace+Additions.h */,
				F4F1189B1EBF724E00E99B9A /* NSWorkspace+Additions.m */,
				F4F118B31EBFCB7500E99B9A /* Alerts.h */,
				F4F118B41EBFCB7500E99B9A /* Alerts.m */,
				F4F1189D1EBF79AB00E99B9A /* NSFileManager+FileOrFolderSize.h */,
				F4F1189E1EBF79AB00E99B9A /* NSFileManager+FileOrFolderSize.m */,
				F4F1189F1EBF79AB00E99B9A /* NSString+CarbonFSRefCreation.h */,
				F4F118A01EBF79AB00E99B9A /* NSString+CarbonFSRefCreation.m */,
				F4F118A11EBF79AB00E99B9A /* NSString+SymlinksAndAliases.h */,
				F4F118A21EBF79AB00E99B9A /* NSString+SymlinksAndAliases.m */,
			);
			path = Shared;
			sourceTree = "<group>";
		};
		F4F118A71EBF9C0900E99B9A /* man */ = {
			isa = PBXGroup;
			children = (
				F4F118AE1EBF9C0900E99B9A /* snap.1 */,
				F4F118B11EBF9CA700E99B9A /* snap.man.html */,
				F4F118A91EBF9C0900E99B9A /* cat2html */,
				F4F118AD1EBF9C0900E99B9A /* make_man_html.sh */,
				F4F118AF1EBF9C0900E99B9A /* update_website_docs.sh */,
			);
			path = man;
			sourceTree = "<group>";
		};
		F4F118A91EBF9C0900E99B9A /* cat2html */ = {
			isa = PBXGroup;
			children = (
				F4F118AA1EBF9C0900E99B9A /* build_cat2html.sh */,
				F4F118AB1EBF9C0900E99B9A /* cat2html */,
				F4F118AC1EBF9C0900E99B9A /* cat2html.l */,
			);
			path = cat2html;
			sourceTree = "<group>";
		};
/* End PBXGroup section */

/* Begin PBXNativeTarget section */
		F430C24614DEF3DC0026CBDB /* snap */ = {
			isa = PBXNativeTarget;
			buildConfigurationList = F430C25414DEF3DC0026CBDB /* Build configuration list for PBXNativeTarget "snap" */;
			buildPhases = (
				F430C24314DEF3DC0026CBDB /* Sources */,
				F430C24414DEF3DC0026CBDB /* Frameworks */,
				F4F118B01EBF9C7B00E99B9A /* ShellScript */,
			);
			buildRules = (
			);
			dependencies = (
			);
			name = snap;
			productName = snap;
			productReference = F430C24714DEF3DC0026CBDB /* snap */;
			productType = "com.apple.product-type.tool";
		};
		F485853914D46E4300B007CA /* SnapDart */ = {
			isa = PBXNativeTarget;
			buildConfigurationList = F485855814D46E4300B007CA /* Build configuration list for PBXNativeTarget "SnapDart" */;
			buildPhases = (
				F485853614D46E4300B007CA /* Sources */,
				F485853714D46E4300B007CA /* Frameworks */,
				F4F118741EBE0E5600E99B9A /* Copy Command Line Tool */,
				F485853814D46E4300B007CA /* Resources */,
				F4F1187C1EBE4D0900E99B9A /* Set CFBundleVersion */,
			);
			buildRules = (
			);
			dependencies = (
				F4F118771EBE0E8200E99B9A /* PBXTargetDependency */,
			);
			name = SnapDart;
			productName = SnapDart;
			productReference = F485853A14D46E4300B007CA /* SnapDart.app */;
			productType = "com.apple.product-type.application";
		};
/* End PBXNativeTarget section */

/* Begin PBXProject section */
		F485853114D46E4300B007CA /* Project object */ = {
			isa = PBXProject;
			attributes = {
				LastUpgradeCheck = 0830;
			};
			buildConfigurationList = F485853414D46E4300B007CA /* Build configuration list for PBXProject "SnapDart" */;
			compatibilityVersion = "Xcode 3.2";
			developmentRegion = English;
			hasScannedForEncodings = 0;
			knownRegions = (
				en,
			);
			mainGroup = F485852F14D46E4300B007CA;
			productRefGroup = F485853B14D46E4300B007CA /* Products */;
			projectDirPath = "";
			projectRoot = "";
			targets = (
				F485853914D46E4300B007CA /* SnapDart */,
				F430C24614DEF3DC0026CBDB /* snap */,
			);
		};
/* End PBXProject section */

/* Begin PBXResourcesBuildPhase section */
		F485853814D46E4300B007CA /* Resources */ = {
			isa = PBXResourcesBuildPhase;
			buildActionMask = 2147483647;
			files = (
				F4F118991EBF6DBA00E99B9A /* CmdWindow.xib in Resources */,
				F4F118821EBF431E00E99B9A /* SnapWindow.xib in Resources */,
				F485854F14D46E4300B007CA /* Credits.rtf in Resources */,
				F485855514D46E4300B007CA /* MainMenu.xib in Resources */,
				F4F118B21EBF9CA700E99B9A /* snap.man.html in Resources */,
				F4F118791EBE151700E99B9A /* Images.xcassets in Resources */,
				F485857014D470A200B007CA /* Defaults.plist in Resources */,
			);
			runOnlyForDeploymentPostprocessing = 0;
		};
/* End PBXResourcesBuildPhase section */

/* Begin PBXShellScriptBuildPhase section */
		F4F1187C1EBE4D0900E99B9A /* Set CFBundleVersion */ = {
			isa = PBXShellScriptBuildPhase;
			buildActionMask = 2147483647;
			files = (
			);
			inputPaths = (
			);
			name = "Set CFBundleVersion";
			outputPaths = (
			);
			runOnlyForDeploymentPostprocessing = 0;
			shellPath = /bin/sh;
			shellScript = "#!/bin/sh\nBUILD_NUMBER=`git rev-list HEAD | wc -l`\n/usr/libexec/PlistBuddy -c \"Set :CFBundleVersion $BUILD_NUMBER\" \"${TARGET_BUILD_DIR}/${INFOPLIST_PATH}\"\nif [ \"$?\" -ne 0 ] ; then\necho \"warning:Error incrementing CFBundleVersion\"\nfi";
		};
		F4F118B01EBF9C7B00E99B9A /* ShellScript */ = {
			isa = PBXShellScriptBuildPhase;
			buildActionMask = 2147483647;
			files = (
			);
			inputPaths = (
			);
			outputPaths = (
			);
			runOnlyForDeploymentPostprocessing = 0;
			shellPath = /bin/sh;
			shellScript = "# Create HTML document from man page\n/usr/bin/man snap/man/snap.1 | snap/man/cat2html/cat2html > snap/man/snap.man.html\n";
		};
/* End PBXShellScriptBuildPhase section */

/* Begin PBXSourcesBuildPhase section */
		F430C24314DEF3DC0026CBDB /* Sources */ = {
			isa = PBXSourcesBuildPhase;
			buildActionMask = 2147483647;
			files = (
				F4F118B91EBFDFC700E99B9A /* SnapHistory.m in Sources */,
				F430C24D14DEF3DC0026CBDB /* snap.m in Sources */,
				F4F118901EBF69F400E99B9A /* PathParser.m in Sources */,
			);
			runOnlyForDeploymentPostprocessing = 0;
		};
		F485853614D46E4300B007CA /* Sources */ = {
			isa = PBXSourcesBuildPhase;
			buildActionMask = 2147483647;
			files = (
				F485854B14D46E4300B007CA /* main.m in Sources */,
				F485855214D46E4300B007CA /* SnapDartAppDelegate.m in Sources */,
				F4F118B51EBFCB7500E99B9A /* Alerts.m in Sources */,
				F485855F14D46E8200B007CA /* SnapWindowController.m in Sources */,
				F4F118A31EBF79AB00E99B9A /* NSFileManager+FileOrFolderSize.m in Sources */,
				F4F1189C1EBF724E00E99B9A /* NSWorkspace+Additions.m in Sources */,
				F485858914D4CD1600B007CA /* SnapItem.m in Sources */,
				F4F118981EBF6DBA00E99B9A /* CmdWindowController.m in Sources */,
				F4F118A41EBF79AB00E99B9A /* NSString+CarbonFSRefCreation.m in Sources */,
				F4F118B81EBFDFC700E99B9A /* SnapHistory.m in Sources */,
				F4F1188F1EBF69F400E99B9A /* PathParser.m in Sources */,
			);
			runOnlyForDeploymentPostprocessing = 0;
		};
/* End PBXSourcesBuildPhase section */

/* Begin PBXTargetDependency section */
		F4F118771EBE0E8200E99B9A /* PBXTargetDependency */ = {
			isa = PBXTargetDependency;
			target = F430C24614DEF3DC0026CBDB /* snap */;
			targetProxy = F4F118761EBE0E8200E99B9A /* PBXContainerItemProxy */;
		};
/* End PBXTargetDependency section */

/* Begin PBXVariantGroup section */
		F485854D14D46E4300B007CA /* Credits.rtf */ = {
			isa = PBXVariantGroup;
			children = (
				F485854E14D46E4300B007CA /* en */,
			);
			name = Credits.rtf;
			sourceTree = "<group>";
		};
		F485855314D46E4300B007CA /* MainMenu.xib */ = {
			isa = PBXVariantGroup;
			children = (
				F485855414D46E4300B007CA /* en */,
			);
			name = MainMenu.xib;
			sourceTree = "<group>";
		};
/* End PBXVariantGroup section */

/* Begin XCBuildConfiguration section */
		F430C25214DEF3DC0026CBDB /* Debug */ = {
			isa = XCBuildConfiguration;
			buildSettings = {
				CLANG_ENABLE_OBJC_ARC = YES;
				GCC_PRECOMPILE_PREFIX_HEADER = YES;
				GCC_PREFIX_HEADER = "";
				PRODUCT_NAME = "$(TARGET_NAME)";
			};
			name = Debug;
		};
		F430C25314DEF3DC0026CBDB /* Release */ = {
			isa = XCBuildConfiguration;
			buildSettings = {
				CLANG_ENABLE_OBJC_ARC = YES;
				GCC_PRECOMPILE_PREFIX_HEADER = YES;
				GCC_PREFIX_HEADER = "";
				PRODUCT_NAME = "$(TARGET_NAME)";
			};
			name = Release;
		};
		F485855614D46E4300B007CA /* Debug */ = {
			isa = XCBuildConfiguration;
			buildSettings = {
				ALWAYS_SEARCH_USER_PATHS = NO;
				CLANG_WARN_BOOL_CONVERSION = YES;
				CLANG_WARN_CONSTANT_CONVERSION = YES;
				CLANG_WARN_EMPTY_BODY = YES;
				CLANG_WARN_ENUM_CONVERSION = YES;
				CLANG_WARN_INFINITE_RECURSION = YES;
				CLANG_WARN_INT_CONVERSION = YES;
				CLANG_WARN_SUSPICIOUS_MOVE = YES;
				CLANG_WARN_UNREACHABLE_CODE = YES;
				CLANG_WARN__DUPLICATE_METHOD_MATCH = YES;
				COPY_PHASE_STRIP = NO;
				ENABLE_STRICT_OBJC_MSGSEND = YES;
				GCC_C_LANGUAGE_STANDARD = gnu99;
				GCC_DYNAMIC_NO_PIC = NO;
				GCC_ENABLE_OBJC_EXCEPTIONS = YES;
				GCC_NO_COMMON_BLOCKS = YES;
				GCC_OPTIMIZATION_LEVEL = 0;
				GCC_PREPROCESSOR_DEFINITIONS = (
					"DEBUG=1",
					"$(inherited)",
				);
				GCC_SYMBOLS_PRIVATE_EXTERN = NO;
				GCC_VERSION = com.apple.compilers.llvm.clang.1_0;
				GCC_WARN_64_TO_32_BIT_CONVERSION = YES;
				GCC_WARN_ABOUT_MISSING_PROTOTYPES = YES;
				GCC_WARN_ABOUT_RETURN_TYPE = YES;
				GCC_WARN_UNDECLARED_SELECTOR = YES;
				GCC_WARN_UNINITIALIZED_AUTOS = YES;
				GCC_WARN_UNUSED_FUNCTION = YES;
				GCC_WARN_UNUSED_VARIABLE = YES;
				MACOSX_DEPLOYMENT_TARGET = 10.7;
				ONLY_ACTIVE_ARCH = YES;
				SDKROOT = macosx;
				SHARED_PRECOMPS_DIR = "";
			};
			name = Debug;
		};
		F485855714D46E4300B007CA /* Release */ = {
			isa = XCBuildConfiguration;
			buildSettings = {
				ALWAYS_SEARCH_USER_PATHS = NO;
				CLANG_WARN_BOOL_CONVERSION = YES;
				CLANG_WARN_CONSTANT_CONVERSION = YES;
				CLANG_WARN_EMPTY_BODY = YES;
				CLANG_WARN_ENUM_CONVERSION = YES;
				CLANG_WARN_INFINITE_RECURSION = YES;
				CLANG_WARN_INT_CONVERSION = YES;
				CLANG_WARN_SUSPICIOUS_MOVE = YES;
				CLANG_WARN_UNREACHABLE_CODE = YES;
				CLANG_WARN__DUPLICATE_METHOD_MATCH = YES;
				COPY_PHASE_STRIP = YES;
				DEBUG_INFORMATION_FORMAT = "dwarf-with-dsym";
				ENABLE_STRICT_OBJC_MSGSEND = YES;
				GCC_C_LANGUAGE_STANDARD = gnu99;
				GCC_ENABLE_OBJC_EXCEPTIONS = YES;
				GCC_NO_COMMON_BLOCKS = YES;
				GCC_VERSION = com.apple.compilers.llvm.clang.1_0;
				GCC_WARN_64_TO_32_BIT_CONVERSION = YES;
				GCC_WARN_ABOUT_MISSING_PROTOTYPES = YES;
				GCC_WARN_ABOUT_RETURN_TYPE = YES;
				GCC_WARN_UNDECLARED_SELECTOR = YES;
				GCC_WARN_UNINITIALIZED_AUTOS = YES;
				GCC_WARN_UNUSED_FUNCTION = YES;
				GCC_WARN_UNUSED_VARIABLE = YES;
				MACOSX_DEPLOYMENT_TARGET = 10.7;
				SDKROOT = macosx;
				SHARED_PRECOMPS_DIR = "";
			};
			name = Release;
		};
		F485855914D46E4300B007CA /* Debug */ = {
			isa = XCBuildConfiguration;
			buildSettings = {
				ASSETCATALOG_COMPILER_APPICON_NAME = AppIcon;
				CLANG_ENABLE_OBJC_ARC = YES;
				COMBINE_HIDPI_IMAGES = YES;
				GCC_PRECOMPILE_PREFIX_HEADER = NO;
				GCC_PREFIX_HEADER = "";
				INFOPLIST_FILE = "SnapDart/SnapDart-Info.plist";
				MACOSX_DEPLOYMENT_TARGET = 10.8;
				PRODUCT_BUNDLE_IDENTIFIER = "org.sveinbjorn.${PRODUCT_NAME:rfc1034identifier}";
				PRODUCT_NAME = "$(TARGET_NAME)";
				WRAPPER_EXTENSION = app;
			};
			name = Debug;
		};
		F485855A14D46E4300B007CA /* Release */ = {
			isa = XCBuildConfiguration;
			buildSettings = {
				ASSETCATALOG_COMPILER_APPICON_NAME = AppIcon;
				CLANG_ENABLE_OBJC_ARC = YES;
				COMBINE_HIDPI_IMAGES = YES;
				GCC_PRECOMPILE_PREFIX_HEADER = NO;
				GCC_PREFIX_HEADER = "";
				INFOPLIST_FILE = "SnapDart/SnapDart-Info.plist";
				MACOSX_DEPLOYMENT_TARGET = 10.8;
				PRODUCT_BUNDLE_IDENTIFIER = "org.sveinbjorn.${PRODUCT_NAME:rfc1034identifier}";
				PRODUCT_NAME = "$(TARGET_NAME)";
				WRAPPER_EXTENSION = app;
			};
			name = Release;
		};
/* End XCBuildConfiguration section */

/* Begin XCConfigurationList section */
		F430C25414DEF3DC0026CBDB /* Build configuration list for PBXNativeTarget "snap" */ = {
			isa = XCConfigurationList;
			buildConfigurations = (
				F430C25214DEF3DC0026CBDB /* Debug */,
				F430C25314DEF3DC0026CBDB /* Release */,
			);
			defaultConfigurationIsVisible = 0;
			defaultConfigurationName = Release;
		};
		F485853414D46E4300B007CA /* Build configuration list for PBXProject "SnapDart" */ = {
			isa = XCConfigurationList;
			buildConfigurations = (
				F485855614D46E4300B007CA /* Debug */,
				F485855714D46E4300B007CA /* Release */,
			);
			defaultConfigurationIsVisible = 0;
			defaultConfigurationName = Release;
		};
		F485855814D46E4300B007CA /* Build configuration list for PBXNativeTarget "SnapDart" */ = {
			isa = XCConfigurationList;
			buildConfigurations = (
				F485855914D46E4300B007CA /* Debug */,
				F485855A14D46E4300B007CA /* Release */,
			);
			defaultConfigurationIsVisible = 0;
			defaultConfigurationName = Release;
		};
/* End XCConfigurationList section */
	};
	rootObject = F485853114D46E4300B007CA /* Project object */;
}
