// !$*UTF8*$!
{
	archiveVersion = 1;
	classes = {
	};
	objectVersion = 46;
	objects = {

/* Begin PBXBuildFile section */
		F42730901EAFA3D400F3F7A5 /* Cocoa.framework in Frameworks */ = {isa = PBXBuildFile; fileRef = F485853E14D46E4300B007CA /* Cocoa.framework */; };
		F430C24A14DEF3DC0026CBDB /* Foundation.framework in Frameworks */ = {isa = PBXBuildFile; fileRef = F430C24914DEF3DC0026CBDB /* Foundation.framework */; };
		F430C24D14DEF3DC0026CBDB /* main.m in Sources */ = {isa = PBXBuildFile; fileRef = F430C24C14DEF3DC0026CBDB /* main.m */; };
		F430C25114DEF3DC0026CBDB /* snap.1 in CopyFiles */ = {isa = PBXBuildFile; fileRef = F430C25014DEF3DC0026CBDB /* snap.1 */; };
		F430C27B14DF33010026CBDB /* NSWorkspaceExtensions.m in Sources */ = {isa = PBXBuildFile; fileRef = F430C27A14DF33010026CBDB /* NSWorkspaceExtensions.m */; };
		F430C28414DF333C0026CBDB /* NSString+CarbonFSRefCreation.m in Sources */ = {isa = PBXBuildFile; fileRef = F430C28114DF333C0026CBDB /* NSString+CarbonFSRefCreation.m */; };
		F430C28514DF333C0026CBDB /* NSString+SymlinksAndAliases.m in Sources */ = {isa = PBXBuildFile; fileRef = F430C28314DF333C0026CBDB /* NSString+SymlinksAndAliases.m */; };
		F485853F14D46E4300B007CA /* Cocoa.framework in Frameworks */ = {isa = PBXBuildFile; fileRef = F485853E14D46E4300B007CA /* Cocoa.framework */; };
		F485854B14D46E4300B007CA /* main.m in Sources */ = {isa = PBXBuildFile; fileRef = F485854A14D46E4300B007CA /* main.m */; };
		F485854F14D46E4300B007CA /* Credits.rtf in Resources */ = {isa = PBXBuildFile; fileRef = F485854D14D46E4300B007CA /* Credits.rtf */; };
		F485855214D46E4300B007CA /* SnapDragonAppDelegate.m in Sources */ = {isa = PBXBuildFile; fileRef = F485855114D46E4300B007CA /* SnapDragonAppDelegate.m */; };
		F485855514D46E4300B007CA /* MainMenu.xib in Resources */ = {isa = PBXBuildFile; fileRef = F485855314D46E4300B007CA /* MainMenu.xib */; };
		F485855F14D46E8200B007CA /* ResultsController.m in Sources */ = {isa = PBXBuildFile; fileRef = F485855C14D46E8200B007CA /* ResultsController.m */; };
		F485856614D46ED900B007CA /* delete.png in Resources */ = {isa = PBXBuildFile; fileRef = F485856414D46ED900B007CA /* delete.png */; };
		F485856714D46ED900B007CA /* trash2.png in Resources */ = {isa = PBXBuildFile; fileRef = F485856514D46ED900B007CA /* trash2.png */; };
		F485857014D470A200B007CA /* Defaults.plist in Resources */ = {isa = PBXBuildFile; fileRef = F485856F14D470A200B007CA /* Defaults.plist */; };
		F485858314D4B2E300B007CA /* NSFileManager+FileOrFolderSize.m in Sources */ = {isa = PBXBuildFile; fileRef = F485858214D4B2E300B007CA /* NSFileManager+FileOrFolderSize.m */; };
		F485858914D4CD1600B007CA /* ResultItem.m in Sources */ = {isa = PBXBuildFile; fileRef = F485858814D4CD1600B007CA /* ResultItem.m */; };
		F4CC3BC014DF42A7004025D9 /* NSString+InArray.m in Sources */ = {isa = PBXBuildFile; fileRef = F4CC3BBF14DF42A7004025D9 /* NSString+InArray.m */; };
/* End PBXBuildFile section */

/* Begin PBXCopyFilesBuildPhase section */
		F430C24514DEF3DC0026CBDB /* CopyFiles */ = {
			isa = PBXCopyFilesBuildPhase;
			buildActionMask = 2147483647;
			dstPath = /usr/share/man/man1/;
			dstSubfolderSpec = 0;
			files = (
				F430C25114DEF3DC0026CBDB /* snap.1 in CopyFiles */,
			);
			runOnlyForDeploymentPostprocessing = 1;
		};
/* End PBXCopyFilesBuildPhase section */

/* Begin PBXFileReference section */
		F430C24714DEF3DC0026CBDB /* snap */ = {isa = PBXFileReference; explicitFileType = "compiled.mach-o.executable"; includeInIndex = 0; path = snap; sourceTree = BUILT_PRODUCTS_DIR; };
		F430C24914DEF3DC0026CBDB /* Foundation.framework */ = {isa = PBXFileReference; lastKnownFileType = wrapper.framework; name = Foundation.framework; path = System/Library/Frameworks/Foundation.framework; sourceTree = SDKROOT; };
		F430C24C14DEF3DC0026CBDB /* main.m */ = {isa = PBXFileReference; lastKnownFileType = sourcecode.c.objc; path = main.m; sourceTree = "<group>"; };
		F430C25014DEF3DC0026CBDB /* snap.1 */ = {isa = PBXFileReference; lastKnownFileType = text.man; path = snap.1; sourceTree = "<group>"; };
		F430C27914DF33010026CBDB /* NSWorkspaceExtensions.h */ = {isa = PBXFileReference; fileEncoding = 4; lastKnownFileType = sourcecode.c.h; name = NSWorkspaceExtensions.h; path = SnapDragon/NSWorkspaceExtensions.h; sourceTree = SOURCE_ROOT; };
		F430C27A14DF33010026CBDB /* NSWorkspaceExtensions.m */ = {isa = PBXFileReference; fileEncoding = 4; lastKnownFileType = sourcecode.c.objc; name = NSWorkspaceExtensions.m; path = SnapDragon/NSWorkspaceExtensions.m; sourceTree = SOURCE_ROOT; };
		F430C28014DF333C0026CBDB /* NSString+CarbonFSRefCreation.h */ = {isa = PBXFileReference; fileEncoding = 4; lastKnownFileType = sourcecode.c.h; name = "NSString+CarbonFSRefCreation.h"; path = "SnapDragon/NSString+CarbonFSRefCreation.h"; sourceTree = SOURCE_ROOT; };
		F430C28114DF333C0026CBDB /* NSString+CarbonFSRefCreation.m */ = {isa = PBXFileReference; fileEncoding = 4; lastKnownFileType = sourcecode.c.objc; name = "NSString+CarbonFSRefCreation.m"; path = "SnapDragon/NSString+CarbonFSRefCreation.m"; sourceTree = SOURCE_ROOT; };
		F430C28214DF333C0026CBDB /* NSString+SymlinksAndAliases.h */ = {isa = PBXFileReference; fileEncoding = 4; lastKnownFileType = sourcecode.c.h; name = "NSString+SymlinksAndAliases.h"; path = "SnapDragon/NSString+SymlinksAndAliases.h"; sourceTree = SOURCE_ROOT; };
		F430C28314DF333C0026CBDB /* NSString+SymlinksAndAliases.m */ = {isa = PBXFileReference; fileEncoding = 4; lastKnownFileType = sourcecode.c.objc; name = "NSString+SymlinksAndAliases.m"; path = "SnapDragon/NSString+SymlinksAndAliases.m"; sourceTree = SOURCE_ROOT; };
		F467F38914D5A24100246ABB /* Common.h */ = {isa = PBXFileReference; fileEncoding = 4; lastKnownFileType = sourcecode.c.h; name = Common.h; path = SnapDragon/Common.h; sourceTree = "<group>"; };
		F485853A14D46E4300B007CA /* SnapDragon.app */ = {isa = PBXFileReference; explicitFileType = wrapper.application; includeInIndex = 0; path = SnapDragon.app; sourceTree = BUILT_PRODUCTS_DIR; };
		F485853E14D46E4300B007CA /* Cocoa.framework */ = {isa = PBXFileReference; lastKnownFileType = wrapper.framework; name = Cocoa.framework; path = System/Library/Frameworks/Cocoa.framework; sourceTree = SDKROOT; };
		F485854614D46E4300B007CA /* SnapDragon-Info.plist */ = {isa = PBXFileReference; lastKnownFileType = text.plist.xml; path = "SnapDragon-Info.plist"; sourceTree = "<group>"; };
		F485854A14D46E4300B007CA /* main.m */ = {isa = PBXFileReference; lastKnownFileType = sourcecode.c.objc; path = main.m; sourceTree = "<group>"; };
		F485854E14D46E4300B007CA /* en */ = {isa = PBXFileReference; lastKnownFileType = text.rtf; name = en; path = en.lproj/Credits.rtf; sourceTree = "<group>"; };
		F485855014D46E4300B007CA /* SnapDragonAppDelegate.h */ = {isa = PBXFileReference; lastKnownFileType = sourcecode.c.h; path = SnapDragonAppDelegate.h; sourceTree = "<group>"; };
		F485855114D46E4300B007CA /* SnapDragonAppDelegate.m */ = {isa = PBXFileReference; lastKnownFileType = sourcecode.c.objc; path = SnapDragonAppDelegate.m; sourceTree = "<group>"; };
		F485855414D46E4300B007CA /* en */ = {isa = PBXFileReference; lastKnownFileType = file.xib; name = en; path = en.lproj/MainMenu.xib; sourceTree = "<group>"; };
		F485855B14D46E8200B007CA /* ResultsController.h */ = {isa = PBXFileReference; fileEncoding = 4; lastKnownFileType = sourcecode.c.h; path = ResultsController.h; sourceTree = "<group>"; };
		F485855C14D46E8200B007CA /* ResultsController.m */ = {isa = PBXFileReference; fileEncoding = 4; lastKnownFileType = sourcecode.c.objc; path = ResultsController.m; sourceTree = "<group>"; };
		F485856414D46ED900B007CA /* delete.png */ = {isa = PBXFileReference; lastKnownFileType = image.png; path = delete.png; sourceTree = "<group>"; };
		F485856514D46ED900B007CA /* trash2.png */ = {isa = PBXFileReference; lastKnownFileType = image.png; path = trash2.png; sourceTree = "<group>"; };
		F485856F14D470A200B007CA /* Defaults.plist */ = {isa = PBXFileReference; lastKnownFileType = file.bplist; path = Defaults.plist; sourceTree = "<group>"; };
		F485858214D4B2E300B007CA /* NSFileManager+FileOrFolderSize.m */ = {isa = PBXFileReference; fileEncoding = 4; lastKnownFileType = sourcecode.c.objc; name = "NSFileManager+FileOrFolderSize.m"; path = "SnapDragon/NSFileManager+FileOrFolderSize.m"; sourceTree = SOURCE_ROOT; };
		F485858714D4CD1500B007CA /* ResultItem.h */ = {isa = PBXFileReference; fileEncoding = 4; lastKnownFileType = sourcecode.c.h; path = ResultItem.h; sourceTree = "<group>"; };
		F485858814D4CD1600B007CA /* ResultItem.m */ = {isa = PBXFileReference; fileEncoding = 4; lastKnownFileType = sourcecode.c.objc; path = ResultItem.m; sourceTree = "<group>"; };
		F4CC3BBE14DF42A7004025D9 /* NSString+InArray.h */ = {isa = PBXFileReference; fileEncoding = 4; lastKnownFileType = sourcecode.c.h; name = "NSString+InArray.h"; path = "SnapDragon/NSString+InArray.h"; sourceTree = SOURCE_ROOT; };
		F4CC3BBF14DF42A7004025D9 /* NSString+InArray.m */ = {isa = PBXFileReference; fileEncoding = 4; lastKnownFileType = sourcecode.c.objc; name = "NSString+InArray.m"; path = "SnapDragon/NSString+InArray.m"; sourceTree = SOURCE_ROOT; };
/* End PBXFileReference section */

/* Begin PBXFrameworksBuildPhase section */
		F430C24414DEF3DC0026CBDB /* Frameworks */ = {
			isa = PBXFrameworksBuildPhase;
			buildActionMask = 2147483647;
			files = (
				F42730901EAFA3D400F3F7A5 /* Cocoa.framework in Frameworks */,
				F430C24A14DEF3DC0026CBDB /* Foundation.framework in Frameworks */,
			);
			runOnlyForDeploymentPostprocessing = 0;
		};
		F485853714D46E4300B007CA /* Frameworks */ = {
			isa = PBXFrameworksBuildPhase;
			buildActionMask = 2147483647;
			files = (
				F485853F14D46E4300B007CA /* Cocoa.framework in Frameworks */,
			);
			runOnlyForDeploymentPostprocessing = 0;
		};
/* End PBXFrameworksBuildPhase section */

/* Begin PBXGroup section */
		F430C24B14DEF3DC0026CBDB /* snap */ = {
			isa = PBXGroup;
			children = (
				F430C24C14DEF3DC0026CBDB /* main.m */,
				F430C25014DEF3DC0026CBDB /* snap.1 */,
			);
			path = snap;
			sourceTree = "<group>";
		};
		F485852F14D46E4300B007CA = {
			isa = PBXGroup;
			children = (
				F467F38914D5A24100246ABB /* Common.h */,
				F485854414D46E4300B007CA /* SnapDragon App */,
				F430C24B14DEF3DC0026CBDB /* snap */,
				F485853D14D46E4300B007CA /* Frameworks */,
				F485853B14D46E4300B007CA /* Products */,
			);
			sourceTree = "<group>";
		};
		F485853B14D46E4300B007CA /* Products */ = {
			isa = PBXGroup;
			children = (
				F485853A14D46E4300B007CA /* SnapDragon.app */,
				F430C24714DEF3DC0026CBDB /* snap */,
			);
			name = Products;
			sourceTree = "<group>";
		};
		F485853D14D46E4300B007CA /* Frameworks */ = {
			isa = PBXGroup;
			children = (
				F485853E14D46E4300B007CA /* Cocoa.framework */,
				F430C24914DEF3DC0026CBDB /* Foundation.framework */,
			);
			name = Frameworks;
			sourceTree = "<group>";
		};
		F485854414D46E4300B007CA /* SnapDragon App */ = {
			isa = PBXGroup;
			children = (
				F485854A14D46E4300B007CA /* main.m */,
				F485855014D46E4300B007CA /* SnapDragonAppDelegate.h */,
				F485855114D46E4300B007CA /* SnapDragonAppDelegate.m */,
				F485855B14D46E8200B007CA /* ResultsController.h */,
				F485855C14D46E8200B007CA /* ResultsController.m */,
				F485858714D4CD1500B007CA /* ResultItem.h */,
				F485858814D4CD1600B007CA /* ResultItem.m */,
				F485857214D4796A00B007CA /* Util */,
				F485854514D46E4300B007CA /* Resources */,
			);
			name = "SnapDragon App";
			path = SnapDragon;
			sourceTree = "<group>";
		};
		F485854514D46E4300B007CA /* Resources */ = {
			isa = PBXGroup;
			children = (
				F485855314D46E4300B007CA /* MainMenu.xib */,
				F485856F14D470A200B007CA /* Defaults.plist */,
				F485856314D46ED900B007CA /* images */,
				F485854614D46E4300B007CA /* SnapDragon-Info.plist */,
				F485854D14D46E4300B007CA /* Credits.rtf */,
			);
			name = Resources;
			sourceTree = "<group>";
		};
		F485856314D46ED900B007CA /* images */ = {
			isa = PBXGroup;
			children = (
				F485856414D46ED900B007CA /* delete.png */,
				F485856514D46ED900B007CA /* trash2.png */,
			);
			path = images;
			sourceTree = "<group>";
		};
		F485857214D4796A00B007CA /* Util */ = {
			isa = PBXGroup;
			children = (
				F4CC3BBE14DF42A7004025D9 /* NSString+InArray.h */,
				F4CC3BBF14DF42A7004025D9 /* NSString+InArray.m */,
				F430C28014DF333C0026CBDB /* NSString+CarbonFSRefCreation.h */,
				F430C28114DF333C0026CBDB /* NSString+CarbonFSRefCreation.m */,
				F430C28214DF333C0026CBDB /* NSString+SymlinksAndAliases.h */,
				F430C28314DF333C0026CBDB /* NSString+SymlinksAndAliases.m */,
				F485858214D4B2E300B007CA /* NSFileManager+FileOrFolderSize.m */,
				F430C27914DF33010026CBDB /* NSWorkspaceExtensions.h */,
				F430C27A14DF33010026CBDB /* NSWorkspaceExtensions.m */,
			);
			name = Util;
			path = Auxiliary;
			sourceTree = SOURCE_ROOT;
		};
/* End PBXGroup section */

/* Begin PBXNativeTarget section */
		F430C24614DEF3DC0026CBDB /* snap */ = {
			isa = PBXNativeTarget;
			buildConfigurationList = F430C25414DEF3DC0026CBDB /* Build configuration list for PBXNativeTarget "snap" */;
			buildPhases = (
				F430C24314DEF3DC0026CBDB /* Sources */,
				F430C24414DEF3DC0026CBDB /* Frameworks */,
				F430C24514DEF3DC0026CBDB /* CopyFiles */,
			);
			buildRules = (
			);
			dependencies = (
			);
			name = snap;
			productName = snap;
			productReference = F430C24714DEF3DC0026CBDB /* snap */;
			productType = "com.apple.product-type.tool";
		};
		F485853914D46E4300B007CA /* SnapDragon */ = {
			isa = PBXNativeTarget;
			buildConfigurationList = F485855814D46E4300B007CA /* Build configuration list for PBXNativeTarget "SnapDragon" */;
			buildPhases = (
				F485853614D46E4300B007CA /* Sources */,
				F485853714D46E4300B007CA /* Frameworks */,
				F485853814D46E4300B007CA /* Resources */,
			);
			buildRules = (
			);
			dependencies = (
			);
			name = SnapDragon;
			productName = SnapDragon;
			productReference = F485853A14D46E4300B007CA /* SnapDragon.app */;
			productType = "com.apple.product-type.application";
		};
/* End PBXNativeTarget section */

/* Begin PBXProject section */
		F485853114D46E4300B007CA /* Project object */ = {
			isa = PBXProject;
			attributes = {
				LastUpgradeCheck = 0830;
			};
			buildConfigurationList = F485853414D46E4300B007CA /* Build configuration list for PBXProject "SnapDragon" */;
			compatibilityVersion = "Xcode 3.2";
			developmentRegion = English;
			hasScannedForEncodings = 0;
			knownRegions = (
				en,
			);
			mainGroup = F485852F14D46E4300B007CA;
			productRefGroup = F485853B14D46E4300B007CA /* Products */;
			projectDirPath = "";
			projectRoot = "";
			targets = (
				F485853914D46E4300B007CA /* SnapDragon */,
				F430C24614DEF3DC0026CBDB /* snap */,
			);
		};
/* End PBXProject section */

/* Begin PBXResourcesBuildPhase section */
		F485853814D46E4300B007CA /* Resources */ = {
			isa = PBXResourcesBuildPhase;
			buildActionMask = 2147483647;
			files = (
				F485854F14D46E4300B007CA /* Credits.rtf in Resources */,
				F485855514D46E4300B007CA /* MainMenu.xib in Resources */,
				F485856614D46ED900B007CA /* delete.png in Resources */,
				F485856714D46ED900B007CA /* trash2.png in Resources */,
				F485857014D470A200B007CA /* Defaults.plist in Resources */,
			);
			runOnlyForDeploymentPostprocessing = 0;
		};
/* End PBXResourcesBuildPhase section */

/* Begin PBXSourcesBuildPhase section */
		F430C24314DEF3DC0026CBDB /* Sources */ = {
			isa = PBXSourcesBuildPhase;
			buildActionMask = 2147483647;
			files = (
				F430C24D14DEF3DC0026CBDB /* main.m in Sources */,
			);
			runOnlyForDeploymentPostprocessing = 0;
		};
		F485853614D46E4300B007CA /* Sources */ = {
			isa = PBXSourcesBuildPhase;
			buildActionMask = 2147483647;
			files = (
				F485854B14D46E4300B007CA /* main.m in Sources */,
				F485855214D46E4300B007CA /* SnapDragonAppDelegate.m in Sources */,
				F485855F14D46E8200B007CA /* ResultsController.m in Sources */,
				F485858314D4B2E300B007CA /* NSFileManager+FileOrFolderSize.m in Sources */,
				F485858914D4CD1600B007CA /* ResultItem.m in Sources */,
				F430C27B14DF33010026CBDB /* NSWorkspaceExtensions.m in Sources */,
				F430C28414DF333C0026CBDB /* NSString+CarbonFSRefCreation.m in Sources */,
				F430C28514DF333C0026CBDB /* NSString+SymlinksAndAliases.m in Sources */,
				F4CC3BC014DF42A7004025D9 /* NSString+InArray.m in Sources */,
			);
			runOnlyForDeploymentPostprocessing = 0;
		};
/* End PBXSourcesBuildPhase section */

/* Begin PBXVariantGroup section */
		F485854D14D46E4300B007CA /* Credits.rtf */ = {
			isa = PBXVariantGroup;
			children = (
				F485854E14D46E4300B007CA /* en */,
			);
			name = Credits.rtf;
			sourceTree = "<group>";
		};
		F485855314D46E4300B007CA /* MainMenu.xib */ = {
			isa = PBXVariantGroup;
			children = (
				F485855414D46E4300B007CA /* en */,
			);
			name = MainMenu.xib;
			sourceTree = "<group>";
		};
/* End PBXVariantGroup section */

/* Begin XCBuildConfiguration section */
		F430C25214DEF3DC0026CBDB /* Debug */ = {
			isa = XCBuildConfiguration;
			buildSettings = {
				CLANG_ENABLE_OBJC_ARC = YES;
				GCC_PRECOMPILE_PREFIX_HEADER = YES;
				GCC_PREFIX_HEADER = "";
				PRODUCT_NAME = "$(TARGET_NAME)";
			};
			name = Debug;
		};
		F430C25314DEF3DC0026CBDB /* Release */ = {
			isa = XCBuildConfiguration;
			buildSettings = {
				CLANG_ENABLE_OBJC_ARC = YES;
				GCC_PRECOMPILE_PREFIX_HEADER = YES;
				GCC_PREFIX_HEADER = "";
				PRODUCT_NAME = "$(TARGET_NAME)";
			};
			name = Release;
		};
		F485855614D46E4300B007CA /* Debug */ = {
			isa = XCBuildConfiguration;
			buildSettings = {
				ALWAYS_SEARCH_USER_PATHS = NO;
				CLANG_WARN_BOOL_CONVERSION = YES;
				CLANG_WARN_CONSTANT_CONVERSION = YES;
				CLANG_WARN_EMPTY_BODY = YES;
				CLANG_WARN_ENUM_CONVERSION = YES;
				CLANG_WARN_INFINITE_RECURSION = YES;
				CLANG_WARN_INT_CONVERSION = YES;
				CLANG_WARN_SUSPICIOUS_MOVE = YES;
				CLANG_WARN_UNREACHABLE_CODE = YES;
				CLANG_WARN__DUPLICATE_METHOD_MATCH = YES;
				COPY_PHASE_STRIP = NO;
				ENABLE_STRICT_OBJC_MSGSEND = YES;
				GCC_C_LANGUAGE_STANDARD = gnu99;
				GCC_DYNAMIC_NO_PIC = NO;
				GCC_ENABLE_OBJC_EXCEPTIONS = YES;
				GCC_NO_COMMON_BLOCKS = YES;
				GCC_OPTIMIZATION_LEVEL = 0;
				GCC_PREPROCESSOR_DEFINITIONS = (
					"DEBUG=1",
					"$(inherited)",
				);
				GCC_SYMBOLS_PRIVATE_EXTERN = NO;
				GCC_VERSION = com.apple.compilers.llvm.clang.1_0;
				GCC_WARN_64_TO_32_BIT_CONVERSION = YES;
				GCC_WARN_ABOUT_MISSING_PROTOTYPES = YES;
				GCC_WARN_ABOUT_RETURN_TYPE = YES;
				GCC_WARN_UNDECLARED_SELECTOR = YES;
				GCC_WARN_UNINITIALIZED_AUTOS = YES;
				GCC_WARN_UNUSED_FUNCTION = YES;
				GCC_WARN_UNUSED_VARIABLE = YES;
				MACOSX_DEPLOYMENT_TARGET = 10.7;
				ONLY_ACTIVE_ARCH = YES;
				SDKROOT = macosx;
				SHARED_PRECOMPS_DIR = "";
			};
			name = Debug;
		};
		F485855714D46E4300B007CA /* Release */ = {
			isa = XCBuildConfiguration;
			buildSettings = {
				ALWAYS_SEARCH_USER_PATHS = NO;
				CLANG_WARN_BOOL_CONVERSION = YES;
				CLANG_WARN_CONSTANT_CONVERSION = YES;
				CLANG_WARN_EMPTY_BODY = YES;
				CLANG_WARN_ENUM_CONVERSION = YES;
				CLANG_WARN_INFINITE_RECURSION = YES;
				CLANG_WARN_INT_CONVERSION = YES;
				CLANG_WARN_SUSPICIOUS_MOVE = YES;
				CLANG_WARN_UNREACHABLE_CODE = YES;
				CLANG_WARN__DUPLICATE_METHOD_MATCH = YES;
				COPY_PHASE_STRIP = YES;
				DEBUG_INFORMATION_FORMAT = "dwarf-with-dsym";
				ENABLE_STRICT_OBJC_MSGSEND = YES;
				GCC_C_LANGUAGE_STANDARD = gnu99;
				GCC_ENABLE_OBJC_EXCEPTIONS = YES;
				GCC_NO_COMMON_BLOCKS = YES;
				GCC_VERSION = com.apple.compilers.llvm.clang.1_0;
				GCC_WARN_64_TO_32_BIT_CONVERSION = YES;
				GCC_WARN_ABOUT_MISSING_PROTOTYPES = YES;
				GCC_WARN_ABOUT_RETURN_TYPE = YES;
				GCC_WARN_UNDECLARED_SELECTOR = YES;
				GCC_WARN_UNINITIALIZED_AUTOS = YES;
				GCC_WARN_UNUSED_FUNCTION = YES;
				GCC_WARN_UNUSED_VARIABLE = YES;
				MACOSX_DEPLOYMENT_TARGET = 10.7;
				SDKROOT = macosx;
				SHARED_PRECOMPS_DIR = "";
			};
			name = Release;
		};
		F485855914D46E4300B007CA /* Debug */ = {
			isa = XCBuildConfiguration;
			buildSettings = {
				CLANG_ENABLE_OBJC_ARC = YES;
				COMBINE_HIDPI_IMAGES = YES;
				GCC_PRECOMPILE_PREFIX_HEADER = NO;
				GCC_PREFIX_HEADER = "";
				INFOPLIST_FILE = "SnapDragon/SnapDragon-Info.plist";
				MACOSX_DEPLOYMENT_TARGET = 10.8;
				PRODUCT_BUNDLE_IDENTIFIER = "org.sveinbjorn.${PRODUCT_NAME:rfc1034identifier}";
				PRODUCT_NAME = "$(TARGET_NAME)";
				WRAPPER_EXTENSION = app;
			};
			name = Debug;
		};
		F485855A14D46E4300B007CA /* Release */ = {
			isa = XCBuildConfiguration;
			buildSettings = {
				CLANG_ENABLE_OBJC_ARC = YES;
				COMBINE_HIDPI_IMAGES = YES;
				GCC_PRECOMPILE_PREFIX_HEADER = NO;
				GCC_PREFIX_HEADER = "";
				INFOPLIST_FILE = "SnapDragon/SnapDragon-Info.plist";
				MACOSX_DEPLOYMENT_TARGET = 10.8;
				PRODUCT_BUNDLE_IDENTIFIER = "org.sveinbjorn.${PRODUCT_NAME:rfc1034identifier}";
				PRODUCT_NAME = "$(TARGET_NAME)";
				WRAPPER_EXTENSION = app;
			};
			name = Release;
		};
/* End XCBuildConfiguration section */

/* Begin XCConfigurationList section */
		F430C25414DEF3DC0026CBDB /* Build configuration list for PBXNativeTarget "snap" */ = {
			isa = XCConfigurationList;
			buildConfigurations = (
				F430C25214DEF3DC0026CBDB /* Debug */,
				F430C25314DEF3DC0026CBDB /* Release */,
			);
			defaultConfigurationIsVisible = 0;
			defaultConfigurationName = Release;
		};
		F485853414D46E4300B007CA /* Build configuration list for PBXProject "SnapDragon" */ = {
			isa = XCConfigurationList;
			buildConfigurations = (
				F485855614D46E4300B007CA /* Debug */,
				F485855714D46E4300B007CA /* Release */,
			);
			defaultConfigurationIsVisible = 0;
			defaultConfigurationName = Release;
		};
		F485855814D46E4300B007CA /* Build configuration list for PBXNativeTarget "SnapDragon" */ = {
			isa = XCConfigurationList;
			buildConfigurations = (
				F485855914D46E4300B007CA /* Debug */,
				F485855A14D46E4300B007CA /* Release */,
			);
			defaultConfigurationIsVisible = 0;
			defaultConfigurationName = Release;
		};
/* End XCConfigurationList section */
	};
	rootObject = F485853114D46E4300B007CA /* Project object */;
}
